// !$*UTF8*$!
{
	archiveVersion = 1;
	classes = {
	};
	objectVersion = 46;
	objects = {

/* Begin PBXBuildFile section */
		A0BEDDAD1AF79C100027F165 /* main.m in Sources */ = {isa = PBXBuildFile; fileRef = A0BEDDAC1AF79C100027F165 /* main.m */; };
		A0BEDDB01AF79C100027F165 /* AppDelegate.m in Sources */ = {isa = PBXBuildFile; fileRef = A0BEDDAF1AF79C100027F165 /* AppDelegate.m */; };
		A0BEDDB31AF79C100027F165 /* ChecklistViewController.m in Sources */ = {isa = PBXBuildFile; fileRef = A0BEDDB21AF79C100027F165 /* ChecklistViewController.m */; };
		A0BEDDB61AF79C100027F165 /* Main.storyboard in Resources */ = {isa = PBXBuildFile; fileRef = A0BEDDB41AF79C100027F165 /* Main.storyboard */; };
		A0BEDDB81AF79C100027F165 /* Images.xcassets in Resources */ = {isa = PBXBuildFile; fileRef = A0BEDDB71AF79C100027F165 /* Images.xcassets */; };
		A0BEDDBB1AF79C100027F165 /* LaunchScreen.xib in Resources */ = {isa = PBXBuildFile; fileRef = A0BEDDB91AF79C100027F165 /* LaunchScreen.xib */; };
		A0BEDDC71AF79C100027F165 /* ChecklistsTests.m in Sources */ = {isa = PBXBuildFile; fileRef = A0BEDDC61AF79C100027F165 /* ChecklistsTests.m */; };
		A0BEDDD21AF7C0920027F165 /* ChecklistItem.m in Sources */ = {isa = PBXBuildFile; fileRef = A0BEDDD11AF7C0920027F165 /* ChecklistItem.m */; };
		A0BEDDD51AF7D4430027F165 /* ItemDetailViewController.m in Sources */ = {isa = PBXBuildFile; fileRef = A0BEDDD41AF7D4430027F165 /* ItemDetailViewController.m */; };
		A0BEDDD81AFD2FD60027F165 /* AllListsViewController.m in Sources */ = {isa = PBXBuildFile; fileRef = A0BEDDD71AFD2FD60027F165 /* AllListsViewController.m */; };
		A0BEDDDB1AFD34260027F165 /* Checklist.m in Sources */ = {isa = PBXBuildFile; fileRef = A0BEDDDA1AFD34260027F165 /* Checklist.m */; };
		A0BEDDDE1AFDCE500027F165 /* ListDetailViewController.m in Sources */ = {isa = PBXBuildFile; fileRef = A0BEDDDD1AFDCE500027F165 /* ListDetailViewController.m */; };
		A0BEDDE11AFDE5050027F165 /* DataModel.m in Sources */ = {isa = PBXBuildFile; fileRef = A0BEDDE01AFDE5050027F165 /* DataModel.m */; };
/* End PBXBuildFile section */

/* Begin PBXContainerItemProxy section */
		A0BEDDC11AF79C100027F165 /* PBXContainerItemProxy */ = {
			isa = PBXContainerItemProxy;
			containerPortal = A0BEDD9F1AF79C100027F165 /* Project object */;
			proxyType = 1;
			remoteGlobalIDString = A0BEDDA61AF79C100027F165;
			remoteInfo = Checklists;
		};
/* End PBXContainerItemProxy section */

/* Begin PBXFileReference section */
		A0BEDDA71AF79C100027F165 /* Checklists.app */ = {isa = PBXFileReference; explicitFileType = wrapper.application; includeInIndex = 0; path = Checklists.app; sourceTree = BUILT_PRODUCTS_DIR; };
		A0BEDDAB1AF79C100027F165 /* Info.plist */ = {isa = PBXFileReference; lastKnownFileType = text.plist.xml; path = Info.plist; sourceTree = "<group>"; };
		A0BEDDAC1AF79C100027F165 /* main.m */ = {isa = PBXFileReference; lastKnownFileType = sourcecode.c.objc; path = main.m; sourceTree = "<group>"; };
		A0BEDDAE1AF79C100027F165 /* AppDelegate.h */ = {isa = PBXFileReference; lastKnownFileType = sourcecode.c.h; path = AppDelegate.h; sourceTree = "<group>"; };
		A0BEDDAF1AF79C100027F165 /* AppDelegate.m */ = {isa = PBXFileReference; lastKnownFileType = sourcecode.c.objc; path = AppDelegate.m; sourceTree = "<group>"; };
		A0BEDDB11AF79C100027F165 /* ChecklistViewController.h */ = {isa = PBXFileReference; lastKnownFileType = sourcecode.c.h; path = ChecklistViewController.h; sourceTree = "<group>"; };
		A0BEDDB21AF79C100027F165 /* ChecklistViewController.m */ = {isa = PBXFileReference; lastKnownFileType = sourcecode.c.objc; path = ChecklistViewController.m; sourceTree = "<group>"; };
		A0BEDDB51AF79C100027F165 /* Base */ = {isa = PBXFileReference; lastKnownFileType = file.storyboard; name = Base; path = Base.lproj/Main.storyboard; sourceTree = "<group>"; };
		A0BEDDB71AF79C100027F165 /* Images.xcassets */ = {isa = PBXFileReference; lastKnownFileType = folder.assetcatalog; path = Images.xcassets; sourceTree = "<group>"; };
		A0BEDDBA1AF79C100027F165 /* Base */ = {isa = PBXFileReference; lastKnownFileType = file.xib; name = Base; path = Base.lproj/LaunchScreen.xib; sourceTree = "<group>"; };
		A0BEDDC01AF79C100027F165 /* ChecklistsTests.xctest */ = {isa = PBXFileReference; explicitFileType = wrapper.cfbundle; includeInIndex = 0; path = ChecklistsTests.xctest; sourceTree = BUILT_PRODUCTS_DIR; };
		A0BEDDC51AF79C100027F165 /* Info.plist */ = {isa = PBXFileReference; lastKnownFileType = text.plist.xml; path = Info.plist; sourceTree = "<group>"; };
		A0BEDDC61AF79C100027F165 /* ChecklistsTests.m */ = {isa = PBXFileReference; lastKnownFileType = sourcecode.c.objc; path = ChecklistsTests.m; sourceTree = "<group>"; };
		A0BEDDD01AF7C0920027F165 /* ChecklistItem.h */ = {isa = PBXFileReference; fileEncoding = 4; lastKnownFileType = sourcecode.c.h; path = ChecklistItem.h; sourceTree = "<group>"; };
		A0BEDDD11AF7C0920027F165 /* ChecklistItem.m */ = {isa = PBXFileReference; fileEncoding = 4; lastKnownFileType = sourcecode.c.objc; path = ChecklistItem.m; sourceTree = "<group>"; };
		A0BEDDD31AF7D4430027F165 /* ItemDetailViewController.h */ = {isa = PBXFileReference; fileEncoding = 4; lastKnownFileType = sourcecode.c.h; path = ItemDetailViewController.h; sourceTree = "<group>"; };
		A0BEDDD41AF7D4430027F165 /* ItemDetailViewController.m */ = {isa = PBXFileReference; fileEncoding = 4; lastKnownFileType = sourcecode.c.objc; path = ItemDetailViewController.m; sourceTree = "<group>"; };
		A0BEDDD61AFD2FD60027F165 /* AllListsViewController.h */ = {isa = PBXFileReference; fileEncoding = 4; lastKnownFileType = sourcecode.c.h; path = AllListsViewController.h; sourceTree = "<group>"; };
		A0BEDDD71AFD2FD60027F165 /* AllListsViewController.m */ = {isa = PBXFileReference; fileEncoding = 4; lastKnownFileType = sourcecode.c.objc; path = AllListsViewController.m; sourceTree = "<group>"; };
		A0BEDDD91AFD34260027F165 /* Checklist.h */ = {isa = PBXFileReference; fileEncoding = 4; lastKnownFileType = sourcecode.c.h; path = Checklist.h; sourceTree = "<group>"; };
		A0BEDDDA1AFD34260027F165 /* Checklist.m */ = {isa = PBXFileReference; fileEncoding = 4; lastKnownFileType = sourcecode.c.objc; path = Checklist.m; sourceTree = "<group>"; };
		A0BEDDDC1AFDCE500027F165 /* ListDetailViewController.h */ = {isa = PBXFileReference; fileEncoding = 4; lastKnownFileType = sourcecode.c.h; path = ListDetailViewController.h; sourceTree = "<group>"; };
		A0BEDDDD1AFDCE500027F165 /* ListDetailViewController.m */ = {isa = PBXFileReference; fileEncoding = 4; lastKnownFileType = sourcecode.c.objc; path = ListDetailViewController.m; sourceTree = "<group>"; };
		A0BEDDDF1AFDE5050027F165 /* DataModel.h */ = {isa = PBXFileReference; fileEncoding = 4; lastKnownFileType = sourcecode.c.h; path = DataModel.h; sourceTree = "<group>"; };
		A0BEDDE01AFDE5050027F165 /* DataModel.m */ = {isa = PBXFileReference; fileEncoding = 4; lastKnownFileType = sourcecode.c.objc; path = DataModel.m; sourceTree = "<group>"; };
/* End PBXFileReference section */

/* Begin PBXFrameworksBuildPhase section */
		A0BEDDA41AF79C100027F165 /* Frameworks */ = {
			isa = PBXFrameworksBuildPhase;
			buildActionMask = 2147483647;
			files = (
			);
			runOnlyForDeploymentPostprocessing = 0;
		};
		A0BEDDBD1AF79C100027F165 /* Frameworks */ = {
			isa = PBXFrameworksBuildPhase;
			buildActionMask = 2147483647;
			files = (
			);
			runOnlyForDeploymentPostprocessing = 0;
		};
/* End PBXFrameworksBuildPhase section */

/* Begin PBXGroup section */
		A0BEDD9E1AF79C100027F165 = {
			isa = PBXGroup;
			children = (
				A0BEDDA91AF79C100027F165 /* Checklists */,
				A0BEDDC31AF79C100027F165 /* ChecklistsTests */,
				A0BEDDA81AF79C100027F165 /* Products */,
			);
			sourceTree = "<group>";
		};
		A0BEDDA81AF79C100027F165 /* Products */ = {
			isa = PBXGroup;
			children = (
				A0BEDDA71AF79C100027F165 /* Checklists.app */,
				A0BEDDC01AF79C100027F165 /* ChecklistsTests.xctest */,
			);
			name = Products;
			sourceTree = "<group>";
		};
		A0BEDDA91AF79C100027F165 /* Checklists */ = {
			isa = PBXGroup;
			children = (
				A0BEDDAE1AF79C100027F165 /* AppDelegate.h */,
				A0BEDDAF1AF79C100027F165 /* AppDelegate.m */,
				A0BEDDB11AF79C100027F165 /* ChecklistViewController.h */,
				A0BEDDB21AF79C100027F165 /* ChecklistViewController.m */,
				A0BEDDB41AF79C100027F165 /* Main.storyboard */,
				A0BEDDB71AF79C100027F165 /* Images.xcassets */,
				A0BEDDB91AF79C100027F165 /* LaunchScreen.xib */,
				A0BEDDAA1AF79C100027F165 /* Supporting Files */,
				A0BEDDD01AF7C0920027F165 /* ChecklistItem.h */,
				A0BEDDD11AF7C0920027F165 /* ChecklistItem.m */,
				A0BEDDD31AF7D4430027F165 /* ItemDetailViewController.h */,
				A0BEDDD41AF7D4430027F165 /* ItemDetailViewController.m */,
				A0BEDDD61AFD2FD60027F165 /* AllListsViewController.h */,
				A0BEDDD71AFD2FD60027F165 /* AllListsViewController.m */,
				A0BEDDD91AFD34260027F165 /* Checklist.h */,
				A0BEDDDA1AFD34260027F165 /* Checklist.m */,
				A0BEDDDC1AFDCE500027F165 /* ListDetailViewController.h */,
				A0BEDDDD1AFDCE500027F165 /* ListDetailViewController.m */,
				A0BEDDDF1AFDE5050027F165 /* DataModel.h */,
				A0BEDDE01AFDE5050027F165 /* DataModel.m */,
			);
			path = Checklists;
			sourceTree = "<group>";
		};
		A0BEDDAA1AF79C100027F165 /* Supporting Files */ = {
			isa = PBXGroup;
			children = (
				A0BEDDAB1AF79C100027F165 /* Info.plist */,
				A0BEDDAC1AF79C100027F165 /* main.m */,
			);
			name = "Supporting Files";
			sourceTree = "<group>";
		};
		A0BEDDC31AF79C100027F165 /* ChecklistsTests */ = {
			isa = PBXGroup;
			children = (
				A0BEDDC61AF79C100027F165 /* ChecklistsTests.m */,
				A0BEDDC41AF79C100027F165 /* Supporting Files */,
			);
			path = ChecklistsTests;
			sourceTree = "<group>";
		};
		A0BEDDC41AF79C100027F165 /* Supporting Files */ = {
			isa = PBXGroup;
			children = (
				A0BEDDC51AF79C100027F165 /* Info.plist */,
			);
			name = "Supporting Files";
			sourceTree = "<group>";
		};
/* End PBXGroup section */

/* Begin PBXNativeTarget section */
		A0BEDDA61AF79C100027F165 /* Checklists */ = {
			isa = PBXNativeTarget;
			buildConfigurationList = A0BEDDCA1AF79C100027F165 /* Build configuration list for PBXNativeTarget "Checklists" */;
			buildPhases = (
				A0BEDDA31AF79C100027F165 /* Sources */,
				A0BEDDA41AF79C100027F165 /* Frameworks */,
				A0BEDDA51AF79C100027F165 /* Resources */,
			);
			buildRules = (
			);
			dependencies = (
			);
			name = Checklists;
			productName = Checklists;
			productReference = A0BEDDA71AF79C100027F165 /* Checklists.app */;
			productType = "com.apple.product-type.application";
		};
		A0BEDDBF1AF79C100027F165 /* ChecklistsTests */ = {
			isa = PBXNativeTarget;
			buildConfigurationList = A0BEDDCD1AF79C100027F165 /* Build configuration list for PBXNativeTarget "ChecklistsTests" */;
			buildPhases = (
				A0BEDDBC1AF79C100027F165 /* Sources */,
				A0BEDDBD1AF79C100027F165 /* Frameworks */,
				A0BEDDBE1AF79C100027F165 /* Resources */,
			);
			buildRules = (
			);
			dependencies = (
				A0BEDDC21AF79C100027F165 /* PBXTargetDependency */,
			);
			name = ChecklistsTests;
			productName = ChecklistsTests;
			productReference = A0BEDDC01AF79C100027F165 /* ChecklistsTests.xctest */;
			productType = "com.apple.product-type.bundle.unit-test";
		};
/* End PBXNativeTarget section */

/* Begin PBXProject section */
		A0BEDD9F1AF79C100027F165 /* Project object */ = {
			isa = PBXProject;
			attributes = {
				LastUpgradeCheck = 0630;
				ORGANIZATIONNAME = "dan yang";
				TargetAttributes = {
					A0BEDDA61AF79C100027F165 = {
						CreatedOnToolsVersion = 6.3.1;
					};
					A0BEDDBF1AF79C100027F165 = {
						CreatedOnToolsVersion = 6.3.1;
						TestTargetID = A0BEDDA61AF79C100027F165;
					};
				};
			};
			buildConfigurationList = A0BEDDA21AF79C100027F165 /* Build configuration list for PBXProject "Checklists" */;
			compatibilityVersion = "Xcode 3.2";
			developmentRegion = English;
			hasScannedForEncodings = 0;
			knownRegions = (
				en,
				Base,
			);
			mainGroup = A0BEDD9E1AF79C100027F165;
			productRefGroup = A0BEDDA81AF79C100027F165 /* Products */;
			projectDirPath = "";
			projectRoot = "";
			targets = (
				A0BEDDA61AF79C100027F165 /* Checklists */,
				A0BEDDBF1AF79C100027F165 /* ChecklistsTests */,
			);
		};
/* End PBXProject section */

/* Begin PBXResourcesBuildPhase section */
		A0BEDDA51AF79C100027F165 /* Resources */ = {
			isa = PBXResourcesBuildPhase;
			buildActionMask = 2147483647;
			files = (
				A0BEDDB61AF79C100027F165 /* Main.storyboard in Resources */,
				A0BEDDBB1AF79C100027F165 /* LaunchScreen.xib in Resources */,
				A0BEDDB81AF79C100027F165 /* Images.xcassets in Resources */,
			);
			runOnlyForDeploymentPostprocessing = 0;
		};
		A0BEDDBE1AF79C100027F165 /* Resources */ = {
			isa = PBXResourcesBuildPhase;
			buildActionMask = 2147483647;
			files = (
			);
			runOnlyForDeploymentPostprocessing = 0;
		};
/* End PBXResourcesBuildPhase section */

/* Begin PBXSourcesBuildPhase section */
		A0BEDDA31AF79C100027F165 /* Sources */ = {
			isa = PBXSourcesBuildPhase;
			buildActionMask = 2147483647;
			files = (
				A0BEDDB31AF79C100027F165 /* ChecklistViewController.m in Sources */,
				A0BEDDB01AF79C100027F165 /* AppDelegate.m in Sources */,
				A0BEDDE11AFDE5050027F165 /* DataModel.m in Sources */,
				A0BEDDD81AFD2FD60027F165 /* AllListsViewController.m in Sources */,
				A0BEDDDE1AFDCE500027F165 /* ListDetailViewController.m in Sources */,
				A0BEDDAD1AF79C100027F165 /* main.m in Sources */,
				A0BEDDD51AF7D4430027F165 /* ItemDetailViewController.m in Sources */,
				A0BEDDD21AF7C0920027F165 /* ChecklistItem.m in Sources */,
				A0BEDDDB1AFD34260027F165 /* Checklist.m in Sources */,
			);
			runOnlyForDeploymentPostprocessing = 0;
		};
		A0BEDDBC1AF79C100027F165 /* Sources */ = {
			isa = PBXSourcesBuildPhase;
			buildActionMask = 2147483647;
			files = (
				A0BEDDC71AF79C100027F165 /* ChecklistsTests.m in Sources */,
			);
			runOnlyForDeploymentPostprocessing = 0;
		};
/* End PBXSourcesBuildPhase section */

/* Begin PBXTargetDependency section */
		A0BEDDC21AF79C100027F165 /* PBXTargetDependency */ = {
			isa = PBXTargetDependency;
			target = A0BEDDA61AF79C100027F165 /* Checklists */;
			targetProxy = A0BEDDC11AF79C100027F165 /* PBXContainerItemProxy */;
		};
/* End PBXTargetDependency section */

/* Begin PBXVariantGroup section */
		A0BEDDB41AF79C100027F165 /* Main.storyboard */ = {
			isa = PBXVariantGroup;
			children = (
				A0BEDDB51AF79C100027F165 /* Base */,
			);
			name = Main.storyboard;
			sourceTree = "<group>";
		};
		A0BEDDB91AF79C100027F165 /* LaunchScreen.xib */ = {
			isa = PBXVariantGroup;
			children = (
				A0BEDDBA1AF79C100027F165 /* Base */,
			);
			name = LaunchScreen.xib;
			sourceTree = "<group>";
		};
/* End PBXVariantGroup section */

/* Begin XCBuildConfiguration section */
		A0BEDDC81AF79C100027F165 /* Debug */ = {
			isa = XCBuildConfiguration;
			buildSettings = {
				ALWAYS_SEARCH_USER_PATHS = NO;
				CLANG_CXX_LANGUAGE_STANDARD = "gnu++0x";
				CLANG_CXX_LIBRARY = "libc++";
				CLANG_ENABLE_MODULES = YES;
				CLANG_ENABLE_OBJC_ARC = YES;
				CLANG_WARN_BOOL_CONVERSION = YES;
				CLANG_WARN_CONSTANT_CONVERSION = YES;
				CLANG_WARN_DIRECT_OBJC_ISA_USAGE = YES_ERROR;
				CLANG_WARN_EMPTY_BODY = YES;
				CLANG_WARN_ENUM_CONVERSION = YES;
				CLANG_WARN_INT_CONVERSION = YES;
				CLANG_WARN_OBJC_ROOT_CLASS = YES_ERROR;
				CLANG_WARN_UNREACHABLE_CODE = YES;
				CLANG_WARN__DUPLICATE_METHOD_MATCH = YES;
				"CODE_SIGN_IDENTITY[sdk=iphoneos*]" = "iPhone Developer";
				COPY_PHASE_STRIP = NO;
				DEBUG_INFORMATION_FORMAT = "dwarf-with-dsym";
				ENABLE_STRICT_OBJC_MSGSEND = YES;
				GCC_C_LANGUAGE_STANDARD = gnu99;
				GCC_DYNAMIC_NO_PIC = NO;
				GCC_NO_COMMON_BLOCKS = YES;
				GCC_OPTIMIZATION_LEVEL = 0;
				GCC_PREPROCESSOR_DEFINITIONS = (
					"DEBUG=1",
					"$(inherited)",
				);
				GCC_SYMBOLS_PRIVATE_EXTERN = NO;
				GCC_WARN_64_TO_32_BIT_CONVERSION = YES;
				GCC_WARN_ABOUT_RETURN_TYPE = YES_ERROR;
				GCC_WARN_UNDECLARED_SELECTOR = YES;
				GCC_WARN_UNINITIALIZED_AUTOS = YES_AGGRESSIVE;
				GCC_WARN_UNUSED_FUNCTION = YES;
				GCC_WARN_UNUSED_VARIABLE = YES;
				IPHONEOS_DEPLOYMENT_TARGET = 8.3;
				MTL_ENABLE_DEBUG_INFO = YES;
				ONLY_ACTIVE_ARCH = YES;
				SDKROOT = iphoneos;
			};
			name = Debug;
		};
		A0BEDDC91AF79C100027F165 /* Release */ = {
			isa = XCBuildConfiguration;
			buildSettings = {
				ALWAYS_SEARCH_USER_PATHS = NO;
				CLANG_CXX_LANGUAGE_STANDARD = "gnu++0x";
				CLANG_CXX_LIBRARY = "libc++";
				CLANG_ENABLE_MODULES = YES;
				CLANG_ENABLE_OBJC_ARC = YES;
				CLANG_WARN_BOOL_CONVERSION = YES;
				CLANG_WARN_CONSTANT_CONVERSION = YES;
				CLANG_WARN_DIRECT_OBJC_ISA_USAGE = YES_ERROR;
				CLANG_WARN_EMPTY_BODY = YES;
				CLANG_WARN_ENUM_CONVERSION = YES;
				CLANG_WARN_INT_CONVERSION = YES;
				CLANG_WARN_OBJC_ROOT_CLASS = YES_ERROR;
				CLANG_WARN_UNREACHABLE_CODE = YES;
				CLANG_WARN__DUPLICATE_METHOD_MATCH = YES;
				"CODE_SIGN_IDENTITY[sdk=iphoneos*]" = "iPhone Developer";
				COPY_PHASE_STRIP = NO;
				DEBUG_INFORMATION_FORMAT = "dwarf-with-dsym";
				ENABLE_NS_ASSERTIONS = NO;
				ENABLE_STRICT_OBJC_MSGSEND = YES;
				GCC_C_LANGUAGE_STANDARD = gnu99;
				GCC_NO_COMMON_BLOCKS = YES;
				GCC_WARN_64_TO_32_BIT_CONVERSION = YES;
				GCC_WARN_ABOUT_RETURN_TYPE = YES_ERROR;
				GCC_WARN_UNDECLARED_SELECTOR = YES;
				GCC_WARN_UNINITIALIZED_AUTOS = YES_AGGRESSIVE;
				GCC_WARN_UNUSED_FUNCTION = YES;
				GCC_WARN_UNUSED_VARIABLE = YES;
				IPHONEOS_DEPLOYMENT_TARGET = 8.3;
				MTL_ENABLE_DEBUG_INFO = NO;
				SDKROOT = iphoneos;
				VALIDATE_PRODUCT = YES;
			};
			name = Release;
		};
		A0BEDDCB1AF79C100027F165 /* Debug */ = {
			isa = XCBuildConfiguration;
			buildSettings = {
				ASSETCATALOG_COMPILER_APPICON_NAME = AppIcon;
				INFOPLIST_FILE = Checklists/Info.plist;
				LD_RUNPATH_SEARCH_PATHS = "$(inherited) @executable_path/Frameworks";
				PRODUCT_NAME = "$(TARGET_NAME)";
			};
			name = Debug;
		};
		A0BEDDCC1AF79C100027F165 /* Release */ = {
			isa = XCBuildConfiguration;
			buildSettings = {
				ASSETCATALOG_COMPILER_APPICON_NAME = AppIcon;
				INFOPLIST_FILE = Checklists/Info.plist;
				LD_RUNPATH_SEARCH_PATHS = "$(inherited) @executable_path/Frameworks";
				PRODUCT_NAME = "$(TARGET_NAME)";
			};
			name = Release;
		};
		A0BEDDCE1AF79C100027F165 /* Debug */ = {
			isa = XCBuildConfiguration;
			buildSettings = {
				BUNDLE_LOADER = "$(TEST_HOST)";
				FRAMEWORK_SEARCH_PATHS = (
					"$(SDKROOT)/Developer/Library/Frameworks",
					"$(inherited)",
				);
				GCC_PREPROCESSOR_DEFINITIONS = (
					"DEBUG=1",
					"$(inherited)",
				);
				INFOPLIST_FILE = ChecklistsTests/Info.plist;
				LD_RUNPATH_SEARCH_PATHS = "$(inherited) @executable_path/Frameworks @loader_path/Frameworks";
				PRODUCT_NAME = "$(TARGET_NAME)";
				TEST_HOST = "$(BUILT_PRODUCTS_DIR)/Checklists.app/Checklists";
			};
			name = Debug;
		};
		A0BEDDCF1AF79C100027F165 /* Release */ = {
			isa = XCBuildConfiguration;
			buildSettings = {
				BUNDLE_LOADER = "$(TEST_HOST)";
				FRAMEWORK_SEARCH_PATHS = (
					"$(SDKROOT)/Developer/Library/Frameworks",
					"$(inherited)",
				);
				INFOPLIST_FILE = ChecklistsTests/Info.plist;
				LD_RUNPATH_SEARCH_PATHS = "$(inherited) @executable_path/Frameworks @loader_path/Frameworks";
				PRODUCT_NAME = "$(TARGET_NAME)";
				TEST_HOST = "$(BUILT_PRODUCTS_DIR)/Checklists.app/Checklists";
			};
			name = Release;
		};
/* End XCBuildConfiguration section */

/* Begin XCConfigurationList section */
		A0BEDDA21AF79C100027F165 /* Build configuration list for PBXProject "Checklists" */ = {
			isa = XCConfigurationList;
			buildConfigurations = (
				A0BEDDC81AF79C100027F165 /* Debug */,
				A0BEDDC91AF79C100027F165 /* Release */,
			);
			defaultConfigurationIsVisible = 0;
			defaultConfigurationName = Release;
		};
		A0BEDDCA1AF79C100027F165 /* Build configuration list for PBXNativeTarget "Checklists" */ = {
			isa = XCConfigurationList;
			buildConfigurations = (
				A0BEDDCB1AF79C100027F165 /* Debug */,
				A0BEDDCC1AF79C100027F165 /* Release */,
			);
			defaultConfigurationIsVisible = 0;
		};
		A0BEDDCD1AF79C100027F165 /* Build configuration list for PBXNativeTarget "ChecklistsTests" */ = {
			isa = XCConfigurationList;
			buildConfigurations = (
				A0BEDDCE1AF79C100027F165 /* Debug */,
				A0BEDDCF1AF79C100027F165 /* Release */,
			);
			defaultConfigurationIsVisible = 0;
		};
/* End XCConfigurationList section */
	};
	rootObject = A0BEDD9F1AF79C100027F165 /* Project object */;
}
