// !$*UTF8*$!
{
	archiveVersion = 1;
	classes = {
	};
	objectVersion = 46;
	objects = {

/* Begin PBXBuildFile section */
		A02CA4511AFFBCE5008A275E /* main.m in Sources */ = {isa = PBXBuildFile; fileRef = A02CA4501AFFBCE5008A275E /* main.m */; };
		A02CA4541AFFBCE5008A275E /* AppDelegate.m in Sources */ = {isa = PBXBuildFile; fileRef = A02CA4531AFFBCE5008A275E /* AppDelegate.m */; };
		A02CA4571AFFBCE5008A275E /* CurrentLocationViewController.m in Sources */ = {isa = PBXBuildFile; fileRef = A02CA4561AFFBCE5008A275E /* CurrentLocationViewController.m */; };
		A02CA45A1AFFBCE5008A275E /* SecondViewController.m in Sources */ = {isa = PBXBuildFile; fileRef = A02CA4591AFFBCE5008A275E /* SecondViewController.m */; };
		A02CA45D1AFFBCE5008A275E /* Main.storyboard in Resources */ = {isa = PBXBuildFile; fileRef = A02CA45B1AFFBCE5008A275E /* Main.storyboard */; };
		A02CA45F1AFFBCE5008A275E /* Images.xcassets in Resources */ = {isa = PBXBuildFile; fileRef = A02CA45E1AFFBCE5008A275E /* Images.xcassets */; };
		A02CA4621AFFBCE5008A275E /* LaunchScreen.xib in Resources */ = {isa = PBXBuildFile; fileRef = A02CA4601AFFBCE5008A275E /* LaunchScreen.xib */; };
		A02CA46E1AFFBCE5008A275E /* MyLocationsTests.m in Sources */ = {isa = PBXBuildFile; fileRef = A02CA46D1AFFBCE5008A275E /* MyLocationsTests.m */; };
		A02CA4781AFFC111008A275E /* CoreLocation.framework in Frameworks */ = {isa = PBXBuildFile; fileRef = A02CA4771AFFC111008A275E /* CoreLocation.framework */; };
		A02CA47B1B025118008A275E /* LocationDetailsViewController.m in Sources */ = {isa = PBXBuildFile; fileRef = A02CA47A1B025118008A275E /* LocationDetailsViewController.m */; };
		A02CA47F1B03A47F008A275E /* CategoryPickerViewController.m in Sources */ = {isa = PBXBuildFile; fileRef = A02CA47E1B03A47F008A275E /* CategoryPickerViewController.m */; };
		A02CA4821B03AD86008A275E /* HudView.m in Sources */ = {isa = PBXBuildFile; fileRef = A02CA4811B03AD86008A275E /* HudView.m */; };
		A02CA4841B03C6B8008A275E /* CoreData.framework in Frameworks */ = {isa = PBXBuildFile; fileRef = A02CA4831B03C6B8008A275E /* CoreData.framework */; };
		A02CA4871B03C6F5008A275E /* DataModel.xcdatamodeld in Sources */ = {isa = PBXBuildFile; fileRef = A02CA4851B03C6F5008A275E /* DataModel.xcdatamodeld */; };
		A02CA48D1B03C9E9008A275E /* Location.m in Sources */ = {isa = PBXBuildFile; fileRef = A02CA48C1B03C9E9008A275E /* Location.m */; };
		A046D5D91B085CCB00DB3881 /* LocationsViewController.m in Sources */ = {isa = PBXBuildFile; fileRef = A046D5D81B085CCB00DB3881 /* LocationsViewController.m */; };
		A0E87DBD1B0865C5001B2B0B /* LocationCell.m in Sources */ = {isa = PBXBuildFile; fileRef = A0E87DBC1B0865C5001B2B0B /* LocationCell.m */; };
/* End PBXBuildFile section */

/* Begin PBXContainerItemProxy section */
		A02CA4681AFFBCE5008A275E /* PBXContainerItemProxy */ = {
			isa = PBXContainerItemProxy;
			containerPortal = A02CA4431AFFBCE4008A275E /* Project object */;
			proxyType = 1;
			remoteGlobalIDString = A02CA44A1AFFBCE4008A275E;
			remoteInfo = MyLocations;
		};
/* End PBXContainerItemProxy section */

/* Begin PBXFileReference section */
		A02CA44B1AFFBCE4008A275E /* MyLocations.app */ = {isa = PBXFileReference; explicitFileType = wrapper.application; includeInIndex = 0; path = MyLocations.app; sourceTree = BUILT_PRODUCTS_DIR; };
		A02CA44F1AFFBCE5008A275E /* Info.plist */ = {isa = PBXFileReference; lastKnownFileType = text.plist.xml; path = Info.plist; sourceTree = "<group>"; };
		A02CA4501AFFBCE5008A275E /* main.m */ = {isa = PBXFileReference; lastKnownFileType = sourcecode.c.objc; path = main.m; sourceTree = "<group>"; };
		A02CA4521AFFBCE5008A275E /* AppDelegate.h */ = {isa = PBXFileReference; lastKnownFileType = sourcecode.c.h; path = AppDelegate.h; sourceTree = "<group>"; };
		A02CA4531AFFBCE5008A275E /* AppDelegate.m */ = {isa = PBXFileReference; lastKnownFileType = sourcecode.c.objc; path = AppDelegate.m; sourceTree = "<group>"; };
		A02CA4551AFFBCE5008A275E /* CurrentLocationViewController.h */ = {isa = PBXFileReference; lastKnownFileType = sourcecode.c.h; path = CurrentLocationViewController.h; sourceTree = "<group>"; };
		A02CA4561AFFBCE5008A275E /* CurrentLocationViewController.m */ = {isa = PBXFileReference; lastKnownFileType = sourcecode.c.objc; path = CurrentLocationViewController.m; sourceTree = "<group>"; };
		A02CA4581AFFBCE5008A275E /* SecondViewController.h */ = {isa = PBXFileReference; lastKnownFileType = sourcecode.c.h; path = SecondViewController.h; sourceTree = "<group>"; };
		A02CA4591AFFBCE5008A275E /* SecondViewController.m */ = {isa = PBXFileReference; lastKnownFileType = sourcecode.c.objc; path = SecondViewController.m; sourceTree = "<group>"; };
		A02CA45C1AFFBCE5008A275E /* Base */ = {isa = PBXFileReference; lastKnownFileType = file.storyboard; name = Base; path = Base.lproj/Main.storyboard; sourceTree = "<group>"; };
		A02CA45E1AFFBCE5008A275E /* Images.xcassets */ = {isa = PBXFileReference; lastKnownFileType = folder.assetcatalog; path = Images.xcassets; sourceTree = "<group>"; };
		A02CA4611AFFBCE5008A275E /* Base */ = {isa = PBXFileReference; lastKnownFileType = file.xib; name = Base; path = Base.lproj/LaunchScreen.xib; sourceTree = "<group>"; };
		A02CA4671AFFBCE5008A275E /* MyLocationsTests.xctest */ = {isa = PBXFileReference; explicitFileType = wrapper.cfbundle; includeInIndex = 0; path = MyLocationsTests.xctest; sourceTree = BUILT_PRODUCTS_DIR; };
		A02CA46C1AFFBCE5008A275E /* Info.plist */ = {isa = PBXFileReference; lastKnownFileType = text.plist.xml; path = Info.plist; sourceTree = "<group>"; };
		A02CA46D1AFFBCE5008A275E /* MyLocationsTests.m */ = {isa = PBXFileReference; lastKnownFileType = sourcecode.c.objc; path = MyLocationsTests.m; sourceTree = "<group>"; };
		A02CA4771AFFC111008A275E /* CoreLocation.framework */ = {isa = PBXFileReference; lastKnownFileType = wrapper.framework; name = CoreLocation.framework; path = System/Library/Frameworks/CoreLocation.framework; sourceTree = SDKROOT; };
		A02CA4791B025118008A275E /* LocationDetailsViewController.h */ = {isa = PBXFileReference; fileEncoding = 4; lastKnownFileType = sourcecode.c.h; path = LocationDetailsViewController.h; sourceTree = "<group>"; };
		A02CA47A1B025118008A275E /* LocationDetailsViewController.m */ = {isa = PBXFileReference; fileEncoding = 4; lastKnownFileType = sourcecode.c.objc; path = LocationDetailsViewController.m; sourceTree = "<group>"; };
		A02CA47D1B03A47F008A275E /* CategoryPickerViewController.h */ = {isa = PBXFileReference; fileEncoding = 4; lastKnownFileType = sourcecode.c.h; path = CategoryPickerViewController.h; sourceTree = "<group>"; };
		A02CA47E1B03A47F008A275E /* CategoryPickerViewController.m */ = {isa = PBXFileReference; fileEncoding = 4; lastKnownFileType = sourcecode.c.objc; path = CategoryPickerViewController.m; sourceTree = "<group>"; };
		A02CA4801B03AD86008A275E /* HudView.h */ = {isa = PBXFileReference; fileEncoding = 4; lastKnownFileType = sourcecode.c.h; path = HudView.h; sourceTree = "<group>"; };
		A02CA4811B03AD86008A275E /* HudView.m */ = {isa = PBXFileReference; fileEncoding = 4; lastKnownFileType = sourcecode.c.objc; path = HudView.m; sourceTree = "<group>"; };
		A02CA4831B03C6B8008A275E /* CoreData.framework */ = {isa = PBXFileReference; lastKnownFileType = wrapper.framework; name = CoreData.framework; path = System/Library/Frameworks/CoreData.framework; sourceTree = SDKROOT; };
		A02CA4861B03C6F5008A275E /* DataModel.xcdatamodel */ = {isa = PBXFileReference; lastKnownFileType = wrapper.xcdatamodel; path = DataModel.xcdatamodel; sourceTree = "<group>"; };
		A02CA48B1B03C9E9008A275E /* Location.h */ = {isa = PBXFileReference; fileEncoding = 4; lastKnownFileType = sourcecode.c.h; path = Location.h; sourceTree = "<group>"; };
		A02CA48C1B03C9E9008A275E /* Location.m */ = {isa = PBXFileReference; fileEncoding = 4; lastKnownFileType = sourcecode.c.objc; path = Location.m; sourceTree = "<group>"; };
		A046D5D01B07149000DB3881 /* PrefixHeader.pch */ = {isa = PBXFileReference; lastKnownFileType = sourcecode.c.h; path = PrefixHeader.pch; sourceTree = "<group>"; };
		A046D5D71B085CCB00DB3881 /* LocationsViewController.h */ = {isa = PBXFileReference; fileEncoding = 4; lastKnownFileType = sourcecode.c.h; path = LocationsViewController.h; sourceTree = "<group>"; };
		A046D5D81B085CCB00DB3881 /* LocationsViewController.m */ = {isa = PBXFileReference; fileEncoding = 4; lastKnownFileType = sourcecode.c.objc; path = LocationsViewController.m; sourceTree = "<group>"; };
		A0E87DBB1B0865C5001B2B0B /* LocationCell.h */ = {isa = PBXFileReference; fileEncoding = 4; lastKnownFileType = sourcecode.c.h; path = LocationCell.h; sourceTree = "<group>"; };
		A0E87DBC1B0865C5001B2B0B /* LocationCell.m */ = {isa = PBXFileReference; fileEncoding = 4; lastKnownFileType = sourcecode.c.objc; path = LocationCell.m; sourceTree = "<group>"; };
/* End PBXFileReference section */

/* Begin PBXFrameworksBuildPhase section */
		A02CA4481AFFBCE4008A275E /* Frameworks */ = {
			isa = PBXFrameworksBuildPhase;
			buildActionMask = 2147483647;
			files = (
				A02CA4841B03C6B8008A275E /* CoreData.framework in Frameworks */,
				A02CA4781AFFC111008A275E /* CoreLocation.framework in Frameworks */,
			);
			runOnlyForDeploymentPostprocessing = 0;
		};
		A02CA4641AFFBCE5008A275E /* Frameworks */ = {
			isa = PBXFrameworksBuildPhase;
			buildActionMask = 2147483647;
			files = (
			);
			runOnlyForDeploymentPostprocessing = 0;
		};
/* End PBXFrameworksBuildPhase section */

/* Begin PBXGroup section */
		A02CA4421AFFBCE4008A275E = {
			isa = PBXGroup;
			children = (
				A02CA4831B03C6B8008A275E /* CoreData.framework */,
				A02CA4771AFFC111008A275E /* CoreLocation.framework */,
				A02CA44D1AFFBCE4008A275E /* MyLocations */,
				A02CA46A1AFFBCE5008A275E /* MyLocationsTests */,
				A02CA44C1AFFBCE4008A275E /* Products */,
			);
			sourceTree = "<group>";
		};
		A02CA44C1AFFBCE4008A275E /* Products */ = {
			isa = PBXGroup;
			children = (
				A02CA44B1AFFBCE4008A275E /* MyLocations.app */,
				A02CA4671AFFBCE5008A275E /* MyLocationsTests.xctest */,
			);
			name = Products;
			sourceTree = "<group>";
		};
		A02CA44D1AFFBCE4008A275E /* MyLocations */ = {
			isa = PBXGroup;
			children = (
				A02CA4521AFFBCE5008A275E /* AppDelegate.h */,
				A02CA4531AFFBCE5008A275E /* AppDelegate.m */,
				A02CA4551AFFBCE5008A275E /* CurrentLocationViewController.h */,
				A02CA4561AFFBCE5008A275E /* CurrentLocationViewController.m */,
				A02CA4581AFFBCE5008A275E /* SecondViewController.h */,
				A02CA4591AFFBCE5008A275E /* SecondViewController.m */,
				A02CA45B1AFFBCE5008A275E /* Main.storyboard */,
				A02CA45E1AFFBCE5008A275E /* Images.xcassets */,
				A02CA4601AFFBCE5008A275E /* LaunchScreen.xib */,
				A02CA44E1AFFBCE4008A275E /* Supporting Files */,
				A02CA4791B025118008A275E /* LocationDetailsViewController.h */,
				A02CA47A1B025118008A275E /* LocationDetailsViewController.m */,
				A02CA47D1B03A47F008A275E /* CategoryPickerViewController.h */,
				A02CA47E1B03A47F008A275E /* CategoryPickerViewController.m */,
				A02CA4801B03AD86008A275E /* HudView.h */,
				A02CA4811B03AD86008A275E /* HudView.m */,
				A02CA4851B03C6F5008A275E /* DataModel.xcdatamodeld */,
				A02CA48B1B03C9E9008A275E /* Location.h */,
				A02CA48C1B03C9E9008A275E /* Location.m */,
				A046D5D01B07149000DB3881 /* PrefixHeader.pch */,
				A046D5D71B085CCB00DB3881 /* LocationsViewController.h */,
				A046D5D81B085CCB00DB3881 /* LocationsViewController.m */,
				A0E87DBB1B0865C5001B2B0B /* LocationCell.h */,
				A0E87DBC1B0865C5001B2B0B /* LocationCell.m */,
			);
			path = MyLocations;
			sourceTree = "<group>";
		};
		A02CA44E1AFFBCE4008A275E /* Supporting Files */ = {
			isa = PBXGroup;
			children = (
				A02CA44F1AFFBCE5008A275E /* Info.plist */,
				A02CA4501AFFBCE5008A275E /* main.m */,
			);
			name = "Supporting Files";
			sourceTree = "<group>";
		};
		A02CA46A1AFFBCE5008A275E /* MyLocationsTests */ = {
			isa = PBXGroup;
			children = (
				A02CA46D1AFFBCE5008A275E /* MyLocationsTests.m */,
				A02CA46B1AFFBCE5008A275E /* Supporting Files */,
			);
			path = MyLocationsTests;
			sourceTree = "<group>";
		};
		A02CA46B1AFFBCE5008A275E /* Supporting Files */ = {
			isa = PBXGroup;
			children = (
				A02CA46C1AFFBCE5008A275E /* Info.plist */,
			);
			name = "Supporting Files";
			sourceTree = "<group>";
		};
/* End PBXGroup section */

/* Begin PBXNativeTarget section */
		A02CA44A1AFFBCE4008A275E /* MyLocations */ = {
			isa = PBXNativeTarget;
			buildConfigurationList = A02CA4711AFFBCE5008A275E /* Build configuration list for PBXNativeTarget "MyLocations" */;
			buildPhases = (
				A02CA4471AFFBCE4008A275E /* Sources */,
				A02CA4481AFFBCE4008A275E /* Frameworks */,
				A02CA4491AFFBCE4008A275E /* Resources */,
			);
			buildRules = (
			);
			dependencies = (
			);
			name = MyLocations;
			productName = MyLocations;
			productReference = A02CA44B1AFFBCE4008A275E /* MyLocations.app */;
			productType = "com.apple.product-type.application";
		};
		A02CA4661AFFBCE5008A275E /* MyLocationsTests */ = {
			isa = PBXNativeTarget;
			buildConfigurationList = A02CA4741AFFBCE5008A275E /* Build configuration list for PBXNativeTarget "MyLocationsTests" */;
			buildPhases = (
				A02CA4631AFFBCE5008A275E /* Sources */,
				A02CA4641AFFBCE5008A275E /* Frameworks */,
				A02CA4651AFFBCE5008A275E /* Resources */,
			);
			buildRules = (
			);
			dependencies = (
				A02CA4691AFFBCE5008A275E /* PBXTargetDependency */,
			);
			name = MyLocationsTests;
			productName = MyLocationsTests;
			productReference = A02CA4671AFFBCE5008A275E /* MyLocationsTests.xctest */;
			productType = "com.apple.product-type.bundle.unit-test";
		};
/* End PBXNativeTarget section */

/* Begin PBXProject section */
		A02CA4431AFFBCE4008A275E /* Project object */ = {
			isa = PBXProject;
			attributes = {
				LastUpgradeCheck = 0630;
				ORGANIZATIONNAME = "dan yang";
				TargetAttributes = {
					A02CA44A1AFFBCE4008A275E = {
						CreatedOnToolsVersion = 6.3.1;
					};
					A02CA4661AFFBCE5008A275E = {
						CreatedOnToolsVersion = 6.3.1;
						TestTargetID = A02CA44A1AFFBCE4008A275E;
					};
				};
			};
			buildConfigurationList = A02CA4461AFFBCE4008A275E /* Build configuration list for PBXProject "MyLocations" */;
			compatibilityVersion = "Xcode 3.2";
			developmentRegion = English;
			hasScannedForEncodings = 0;
			knownRegions = (
				en,
				Base,
			);
			mainGroup = A02CA4421AFFBCE4008A275E;
			productRefGroup = A02CA44C1AFFBCE4008A275E /* Products */;
			projectDirPath = "";
			projectRoot = "";
			targets = (
				A02CA44A1AFFBCE4008A275E /* MyLocations */,
				A02CA4661AFFBCE5008A275E /* MyLocationsTests */,
			);
		};
/* End PBXProject section */

/* Begin PBXResourcesBuildPhase section */
		A02CA4491AFFBCE4008A275E /* Resources */ = {
			isa = PBXResourcesBuildPhase;
			buildActionMask = 2147483647;
			files = (
				A02CA45D1AFFBCE5008A275E /* Main.storyboard in Resources */,
				A02CA4621AFFBCE5008A275E /* LaunchScreen.xib in Resources */,
				A02CA45F1AFFBCE5008A275E /* Images.xcassets in Resources */,
			);
			runOnlyForDeploymentPostprocessing = 0;
		};
		A02CA4651AFFBCE5008A275E /* Resources */ = {
			isa = PBXResourcesBuildPhase;
			buildActionMask = 2147483647;
			files = (
			);
			runOnlyForDeploymentPostprocessing = 0;
		};
/* End PBXResourcesBuildPhase section */

/* Begin PBXSourcesBuildPhase section */
		A02CA4471AFFBCE4008A275E /* Sources */ = {
			isa = PBXSourcesBuildPhase;
			buildActionMask = 2147483647;
			files = (
				A02CA45A1AFFBCE5008A275E /* SecondViewController.m in Sources */,
				A02CA4871B03C6F5008A275E /* DataModel.xcdatamodeld in Sources */,
				A02CA4541AFFBCE5008A275E /* AppDelegate.m in Sources */,
				A02CA4571AFFBCE5008A275E /* CurrentLocationViewController.m in Sources */,
				A02CA48D1B03C9E9008A275E /* Location.m in Sources */,
				A02CA4511AFFBCE5008A275E /* main.m in Sources */,
				A02CA4821B03AD86008A275E /* HudView.m in Sources */,
				A046D5D91B085CCB00DB3881 /* LocationsViewController.m in Sources */,
				A02CA47F1B03A47F008A275E /* CategoryPickerViewController.m in Sources */,
				A0E87DBD1B0865C5001B2B0B /* LocationCell.m in Sources */,
				A02CA47B1B025118008A275E /* LocationDetailsViewController.m in Sources */,
			);
			runOnlyForDeploymentPostprocessing = 0;
		};
		A02CA4631AFFBCE5008A275E /* Sources */ = {
			isa = PBXSourcesBuildPhase;
			buildActionMask = 2147483647;
			files = (
				A02CA46E1AFFBCE5008A275E /* MyLocationsTests.m in Sources */,
			);
			runOnlyForDeploymentPostprocessing = 0;
		};
/* End PBXSourcesBuildPhase section */

/* Begin PBXTargetDependency section */
		A02CA4691AFFBCE5008A275E /* PBXTargetDependency */ = {
			isa = PBXTargetDependency;
			target = A02CA44A1AFFBCE4008A275E /* MyLocations */;
			targetProxy = A02CA4681AFFBCE5008A275E /* PBXContainerItemProxy */;
		};
/* End PBXTargetDependency section */

/* Begin PBXVariantGroup section */
		A02CA45B1AFFBCE5008A275E /* Main.storyboard */ = {
			isa = PBXVariantGroup;
			children = (
				A02CA45C1AFFBCE5008A275E /* Base */,
			);
			name = Main.storyboard;
			sourceTree = "<group>";
		};
		A02CA4601AFFBCE5008A275E /* LaunchScreen.xib */ = {
			isa = PBXVariantGroup;
			children = (
				A02CA4611AFFBCE5008A275E /* Base */,
			);
			name = LaunchScreen.xib;
			sourceTree = "<group>";
		};
/* End PBXVariantGroup section */

/* Begin XCBuildConfiguration section */
		A02CA46F1AFFBCE5008A275E /* Debug */ = {
			isa = XCBuildConfiguration;
			buildSettings = {
				ALWAYS_SEARCH_USER_PATHS = NO;
				CLANG_CXX_LANGUAGE_STANDARD = "gnu++0x";
				CLANG_CXX_LIBRARY = "libc++";
				CLANG_ENABLE_MODULES = YES;
				CLANG_ENABLE_OBJC_ARC = YES;
				CLANG_WARN_BOOL_CONVERSION = YES;
				CLANG_WARN_CONSTANT_CONVERSION = YES;
				CLANG_WARN_DIRECT_OBJC_ISA_USAGE = YES_ERROR;
				CLANG_WARN_EMPTY_BODY = YES;
				CLANG_WARN_ENUM_CONVERSION = YES;
				CLANG_WARN_INT_CONVERSION = YES;
				CLANG_WARN_OBJC_ROOT_CLASS = YES_ERROR;
				CLANG_WARN_UNREACHABLE_CODE = YES;
				CLANG_WARN__DUPLICATE_METHOD_MATCH = YES;
				"CODE_SIGN_IDENTITY[sdk=iphoneos*]" = "iPhone Developer";
				COPY_PHASE_STRIP = NO;
				DEBUG_INFORMATION_FORMAT = "dwarf-with-dsym";
				ENABLE_STRICT_OBJC_MSGSEND = YES;
				GCC_C_LANGUAGE_STANDARD = gnu99;
				GCC_DYNAMIC_NO_PIC = NO;
				GCC_NO_COMMON_BLOCKS = YES;
				GCC_OPTIMIZATION_LEVEL = 0;
				GCC_PREPROCESSOR_DEFINITIONS = (
					"DEBUG=1",
					"$(inherited)",
				);
				GCC_SYMBOLS_PRIVATE_EXTERN = NO;
				GCC_WARN_64_TO_32_BIT_CONVERSION = YES;
				GCC_WARN_ABOUT_RETURN_TYPE = YES_ERROR;
				GCC_WARN_UNDECLARED_SELECTOR = YES;
				GCC_WARN_UNINITIALIZED_AUTOS = YES_AGGRESSIVE;
				GCC_WARN_UNUSED_FUNCTION = YES;
				GCC_WARN_UNUSED_VARIABLE = YES;
				IPHONEOS_DEPLOYMENT_TARGET = 8.3;
				MTL_ENABLE_DEBUG_INFO = YES;
				ONLY_ACTIVE_ARCH = YES;
				SDKROOT = iphoneos;
			};
			name = Debug;
		};
		A02CA4701AFFBCE5008A275E /* Release */ = {
			isa = XCBuildConfiguration;
			buildSettings = {
				ALWAYS_SEARCH_USER_PATHS = NO;
				CLANG_CXX_LANGUAGE_STANDARD = "gnu++0x";
				CLANG_CXX_LIBRARY = "libc++";
				CLANG_ENABLE_MODULES = YES;
				CLANG_ENABLE_OBJC_ARC = YES;
				CLANG_WARN_BOOL_CONVERSION = YES;
				CLANG_WARN_CONSTANT_CONVERSION = YES;
				CLANG_WARN_DIRECT_OBJC_ISA_USAGE = YES_ERROR;
				CLANG_WARN_EMPTY_BODY = YES;
				CLANG_WARN_ENUM_CONVERSION = YES;
				CLANG_WARN_INT_CONVERSION = YES;
				CLANG_WARN_OBJC_ROOT_CLASS = YES_ERROR;
				CLANG_WARN_UNREACHABLE_CODE = YES;
				CLANG_WARN__DUPLICATE_METHOD_MATCH = YES;
				"CODE_SIGN_IDENTITY[sdk=iphoneos*]" = "iPhone Developer";
				COPY_PHASE_STRIP = NO;
				DEBUG_INFORMATION_FORMAT = "dwarf-with-dsym";
				ENABLE_NS_ASSERTIONS = NO;
				ENABLE_STRICT_OBJC_MSGSEND = YES;
				GCC_C_LANGUAGE_STANDARD = gnu99;
				GCC_NO_COMMON_BLOCKS = YES;
				GCC_WARN_64_TO_32_BIT_CONVERSION = YES;
				GCC_WARN_ABOUT_RETURN_TYPE = YES_ERROR;
				GCC_WARN_UNDECLARED_SELECTOR = YES;
				GCC_WARN_UNINITIALIZED_AUTOS = YES_AGGRESSIVE;
				GCC_WARN_UNUSED_FUNCTION = YES;
				GCC_WARN_UNUSED_VARIABLE = YES;
				IPHONEOS_DEPLOYMENT_TARGET = 8.3;
				MTL_ENABLE_DEBUG_INFO = NO;
				SDKROOT = iphoneos;
				VALIDATE_PRODUCT = YES;
			};
			name = Release;
		};
		A02CA4721AFFBCE5008A275E /* Debug */ = {
			isa = XCBuildConfiguration;
			buildSettings = {
				ASSETCATALOG_COMPILER_APPICON_NAME = AppIcon;
				GCC_PREFIX_HEADER = "$(SRCROOT)/MyLocations/PrefixHeader.pch";
				INFOPLIST_FILE = MyLocations/Info.plist;
				LD_RUNPATH_SEARCH_PATHS = "$(inherited) @executable_path/Frameworks";
				New_Setting = "";
				PRODUCT_NAME = "$(TARGET_NAME)";
			};
			name = Debug;
		};
		A02CA4731AFFBCE5008A275E /* Release */ = {
			isa = XCBuildConfiguration;
			buildSettings = {
				ASSETCATALOG_COMPILER_APPICON_NAME = AppIcon;
				GCC_PREFIX_HEADER = "$(SRCROOT)/MyLocations/PrefixHeader.pch";
				INFOPLIST_FILE = MyLocations/Info.plist;
				LD_RUNPATH_SEARCH_PATHS = "$(inherited) @executable_path/Frameworks";
				New_Setting = "";
				PRODUCT_NAME = "$(TARGET_NAME)";
			};
			name = Release;
		};
		A02CA4751AFFBCE5008A275E /* Debug */ = {
			isa = XCBuildConfiguration;
			buildSettings = {
				BUNDLE_LOADER = "$(TEST_HOST)";
				FRAMEWORK_SEARCH_PATHS = (
					"$(SDKROOT)/Developer/Library/Frameworks",
					"$(inherited)",
				);
				GCC_PREPROCESSOR_DEFINITIONS = (
					"DEBUG=1",
					"$(inherited)",
				);
				INFOPLIST_FILE = MyLocationsTests/Info.plist;
				LD_RUNPATH_SEARCH_PATHS = "$(inherited) @executable_path/Frameworks @loader_path/Frameworks";
				PRODUCT_NAME = "$(TARGET_NAME)";
				TEST_HOST = "$(BUILT_PRODUCTS_DIR)/MyLocations.app/MyLocations";
			};
			name = Debug;
		};
		A02CA4761AFFBCE5008A275E /* Release */ = {
			isa = XCBuildConfiguration;
			buildSettings = {
				BUNDLE_LOADER = "$(TEST_HOST)";
				FRAMEWORK_SEARCH_PATHS = (
					"$(SDKROOT)/Developer/Library/Frameworks",
					"$(inherited)",
				);
				INFOPLIST_FILE = MyLocationsTests/Info.plist;
				LD_RUNPATH_SEARCH_PATHS = "$(inherited) @executable_path/Frameworks @loader_path/Frameworks";
				PRODUCT_NAME = "$(TARGET_NAME)";
				TEST_HOST = "$(BUILT_PRODUCTS_DIR)/MyLocations.app/MyLocations";
			};
			name = Release;
		};
/* End XCBuildConfiguration section */

/* Begin XCConfigurationList section */
		A02CA4461AFFBCE4008A275E /* Build configuration list for PBXProject "MyLocations" */ = {
			isa = XCConfigurationList;
			buildConfigurations = (
				A02CA46F1AFFBCE5008A275E /* Debug */,
				A02CA4701AFFBCE5008A275E /* Release */,
			);
			defaultConfigurationIsVisible = 0;
			defaultConfigurationName = Release;
		};
		A02CA4711AFFBCE5008A275E /* Build configuration list for PBXNativeTarget "MyLocations" */ = {
			isa = XCConfigurationList;
			buildConfigurations = (
				A02CA4721AFFBCE5008A275E /* Debug */,
				A02CA4731AFFBCE5008A275E /* Release */,
			);
			defaultConfigurationIsVisible = 0;
			defaultConfigurationName = Release;
		};
		A02CA4741AFFBCE5008A275E /* Build configuration list for PBXNativeTarget "MyLocationsTests" */ = {
			isa = XCConfigurationList;
			buildConfigurations = (
				A02CA4751AFFBCE5008A275E /* Debug */,
				A02CA4761AFFBCE5008A275E /* Release */,
			);
			defaultConfigurationIsVisible = 0;
			defaultConfigurationName = Release;
		};
/* End XCConfigurationList section */

/* Begin XCVersionGroup section */
		A02CA4851B03C6F5008A275E /* DataModel.xcdatamodeld */ = {
			isa = XCVersionGroup;
			children = (
				A02CA4861B03C6F5008A275E /* DataModel.xcdatamodel */,
			);
			currentVersion = A02CA4861B03C6F5008A275E /* DataModel.xcdatamodel */;
			path = DataModel.xcdatamodeld;
			sourceTree = "<group>";
			versionGroupType = wrapper.xcdatamodel;
		};
/* End XCVersionGroup section */
	};
	rootObject = A02CA4431AFFBCE4008A275E /* Project object */;
}
