// !$*UTF8*$!
{
	archiveVersion = 1;
	classes = {
	};
	objectVersion = 46;
	objects = {

/* Begin PBXBuildFile section */
		A02C68481AF5350900AAAEB0 /* main.m in Sources */ = {isa = PBXBuildFile; fileRef = A02C68471AF5350900AAAEB0 /* main.m */; };
		A02C684B1AF5350900AAAEB0 /* AppDelegate.m in Sources */ = {isa = PBXBuildFile; fileRef = A02C684A1AF5350900AAAEB0 /* AppDelegate.m */; };
		A02C684E1AF5350900AAAEB0 /* ViewController.m in Sources */ = {isa = PBXBuildFile; fileRef = A02C684D1AF5350900AAAEB0 /* ViewController.m */; };
		A02C68511AF5350900AAAEB0 /* Main.storyboard in Resources */ = {isa = PBXBuildFile; fileRef = A02C684F1AF5350900AAAEB0 /* Main.storyboard */; };
		A02C68531AF5350900AAAEB0 /* Images.xcassets in Resources */ = {isa = PBXBuildFile; fileRef = A02C68521AF5350900AAAEB0 /* Images.xcassets */; };
		A02C68561AF5350900AAAEB0 /* LaunchScreen.xib in Resources */ = {isa = PBXBuildFile; fileRef = A02C68541AF5350900AAAEB0 /* LaunchScreen.xib */; };
		A02C68621AF5350900AAAEB0 /* BullsEyeTests.m in Sources */ = {isa = PBXBuildFile; fileRef = A02C68611AF5350900AAAEB0 /* BullsEyeTests.m */; };
/* End PBXBuildFile section */

/* Begin PBXContainerItemProxy section */
		A02C685C1AF5350900AAAEB0 /* PBXContainerItemProxy */ = {
			isa = PBXContainerItemProxy;
			containerPortal = A02C683A1AF5350900AAAEB0 /* Project object */;
			proxyType = 1;
			remoteGlobalIDString = A02C68411AF5350900AAAEB0;
			remoteInfo = BullsEye;
		};
/* End PBXContainerItemProxy section */

/* Begin PBXFileReference section */
		A02C68421AF5350900AAAEB0 /* BullsEye.app */ = {isa = PBXFileReference; explicitFileType = wrapper.application; includeInIndex = 0; path = BullsEye.app; sourceTree = BUILT_PRODUCTS_DIR; };
		A02C68461AF5350900AAAEB0 /* Info.plist */ = {isa = PBXFileReference; lastKnownFileType = text.plist.xml; path = Info.plist; sourceTree = "<group>"; };
		A02C68471AF5350900AAAEB0 /* main.m */ = {isa = PBXFileReference; lastKnownFileType = sourcecode.c.objc; path = main.m; sourceTree = "<group>"; };
		A02C68491AF5350900AAAEB0 /* AppDelegate.h */ = {isa = PBXFileReference; lastKnownFileType = sourcecode.c.h; path = AppDelegate.h; sourceTree = "<group>"; };
		A02C684A1AF5350900AAAEB0 /* AppDelegate.m */ = {isa = PBXFileReference; lastKnownFileType = sourcecode.c.objc; path = AppDelegate.m; sourceTree = "<group>"; };
		A02C684C1AF5350900AAAEB0 /* ViewController.h */ = {isa = PBXFileReference; lastKnownFileType = sourcecode.c.h; path = ViewController.h; sourceTree = "<group>"; };
		A02C684D1AF5350900AAAEB0 /* ViewController.m */ = {isa = PBXFileReference; lastKnownFileType = sourcecode.c.objc; path = ViewController.m; sourceTree = "<group>"; };
		A02C68501AF5350900AAAEB0 /* Base */ = {isa = PBXFileReference; lastKnownFileType = file.storyboard; name = Base; path = Base.lproj/Main.storyboard; sourceTree = "<group>"; };
		A02C68521AF5350900AAAEB0 /* Images.xcassets */ = {isa = PBXFileReference; lastKnownFileType = folder.assetcatalog; path = Images.xcassets; sourceTree = "<group>"; };
		A02C68551AF5350900AAAEB0 /* Base */ = {isa = PBXFileReference; lastKnownFileType = file.xib; name = Base; path = Base.lproj/LaunchScreen.xib; sourceTree = "<group>"; };
		A02C685B1AF5350900AAAEB0 /* BullsEyeTests.xctest */ = {isa = PBXFileReference; explicitFileType = wrapper.cfbundle; includeInIndex = 0; path = BullsEyeTests.xctest; sourceTree = BUILT_PRODUCTS_DIR; };
		A02C68601AF5350900AAAEB0 /* Info.plist */ = {isa = PBXFileReference; lastKnownFileType = text.plist.xml; path = Info.plist; sourceTree = "<group>"; };
		A02C68611AF5350900AAAEB0 /* BullsEyeTests.m */ = {isa = PBXFileReference; lastKnownFileType = sourcecode.c.objc; path = BullsEyeTests.m; sourceTree = "<group>"; };
/* End PBXFileReference section */

/* Begin PBXFrameworksBuildPhase section */
		A02C683F1AF5350900AAAEB0 /* Frameworks */ = {
			isa = PBXFrameworksBuildPhase;
			buildActionMask = 2147483647;
			files = (
			);
			runOnlyForDeploymentPostprocessing = 0;
		};
		A02C68581AF5350900AAAEB0 /* Frameworks */ = {
			isa = PBXFrameworksBuildPhase;
			buildActionMask = 2147483647;
			files = (
			);
			runOnlyForDeploymentPostprocessing = 0;
		};
/* End PBXFrameworksBuildPhase section */

/* Begin PBXGroup section */
		A02C68391AF5350900AAAEB0 = {
			isa = PBXGroup;
			children = (
				A02C68441AF5350900AAAEB0 /* BullsEye */,
				A02C685E1AF5350900AAAEB0 /* BullsEyeTests */,
				A02C68431AF5350900AAAEB0 /* Products */,
			);
			sourceTree = "<group>";
		};
		A02C68431AF5350900AAAEB0 /* Products */ = {
			isa = PBXGroup;
			children = (
				A02C68421AF5350900AAAEB0 /* BullsEye.app */,
				A02C685B1AF5350900AAAEB0 /* BullsEyeTests.xctest */,
			);
			name = Products;
			sourceTree = "<group>";
		};
		A02C68441AF5350900AAAEB0 /* BullsEye */ = {
			isa = PBXGroup;
			children = (
				A02C68491AF5350900AAAEB0 /* AppDelegate.h */,
				A02C684A1AF5350900AAAEB0 /* AppDelegate.m */,
				A02C684C1AF5350900AAAEB0 /* ViewController.h */,
				A02C684D1AF5350900AAAEB0 /* ViewController.m */,
				A02C684F1AF5350900AAAEB0 /* Main.storyboard */,
				A02C68521AF5350900AAAEB0 /* Images.xcassets */,
				A02C68541AF5350900AAAEB0 /* LaunchScreen.xib */,
				A02C68451AF5350900AAAEB0 /* Supporting Files */,
			);
			path = BullsEye;
			sourceTree = "<group>";
		};
		A02C68451AF5350900AAAEB0 /* Supporting Files */ = {
			isa = PBXGroup;
			children = (
				A02C68461AF5350900AAAEB0 /* Info.plist */,
				A02C68471AF5350900AAAEB0 /* main.m */,
			);
			name = "Supporting Files";
			sourceTree = "<group>";
		};
		A02C685E1AF5350900AAAEB0 /* BullsEyeTests */ = {
			isa = PBXGroup;
			children = (
				A02C68611AF5350900AAAEB0 /* BullsEyeTests.m */,
				A02C685F1AF5350900AAAEB0 /* Supporting Files */,
			);
			path = BullsEyeTests;
			sourceTree = "<group>";
		};
		A02C685F1AF5350900AAAEB0 /* Supporting Files */ = {
			isa = PBXGroup;
			children = (
				A02C68601AF5350900AAAEB0 /* Info.plist */,
			);
			name = "Supporting Files";
			sourceTree = "<group>";
		};
/* End PBXGroup section */

/* Begin PBXNativeTarget section */
		A02C68411AF5350900AAAEB0 /* BullsEye */ = {
			isa = PBXNativeTarget;
			buildConfigurationList = A02C68651AF5350900AAAEB0 /* Build configuration list for PBXNativeTarget "BullsEye" */;
			buildPhases = (
				A02C683E1AF5350900AAAEB0 /* Sources */,
				A02C683F1AF5350900AAAEB0 /* Frameworks */,
				A02C68401AF5350900AAAEB0 /* Resources */,
			);
			buildRules = (
			);
			dependencies = (
			);
			name = BullsEye;
			productName = BullsEye;
			productReference = A02C68421AF5350900AAAEB0 /* BullsEye.app */;
			productType = "com.apple.product-type.application";
		};
		A02C685A1AF5350900AAAEB0 /* BullsEyeTests */ = {
			isa = PBXNativeTarget;
			buildConfigurationList = A02C68681AF5350900AAAEB0 /* Build configuration list for PBXNativeTarget "BullsEyeTests" */;
			buildPhases = (
				A02C68571AF5350900AAAEB0 /* Sources */,
				A02C68581AF5350900AAAEB0 /* Frameworks */,
				A02C68591AF5350900AAAEB0 /* Resources */,
			);
			buildRules = (
			);
			dependencies = (
				A02C685D1AF5350900AAAEB0 /* PBXTargetDependency */,
			);
			name = BullsEyeTests;
			productName = BullsEyeTests;
			productReference = A02C685B1AF5350900AAAEB0 /* BullsEyeTests.xctest */;
			productType = "com.apple.product-type.bundle.unit-test";
		};
/* End PBXNativeTarget section */

/* Begin PBXProject section */
		A02C683A1AF5350900AAAEB0 /* Project object */ = {
			isa = PBXProject;
			attributes = {
				LastUpgradeCheck = 0630;
				ORGANIZATIONNAME = "dan yang";
				TargetAttributes = {
					A02C68411AF5350900AAAEB0 = {
						CreatedOnToolsVersion = 6.3.1;
					};
					A02C685A1AF5350900AAAEB0 = {
						CreatedOnToolsVersion = 6.3.1;
						TestTargetID = A02C68411AF5350900AAAEB0;
					};
				};
			};
			buildConfigurationList = A02C683D1AF5350900AAAEB0 /* Build configuration list for PBXProject "BullsEye" */;
			compatibilityVersion = "Xcode 3.2";
			developmentRegion = English;
			hasScannedForEncodings = 0;
			knownRegions = (
				en,
				Base,
			);
			mainGroup = A02C68391AF5350900AAAEB0;
			productRefGroup = A02C68431AF5350900AAAEB0 /* Products */;
			projectDirPath = "";
			projectRoot = "";
			targets = (
				A02C68411AF5350900AAAEB0 /* BullsEye */,
				A02C685A1AF5350900AAAEB0 /* BullsEyeTests */,
			);
		};
/* End PBXProject section */

/* Begin PBXResourcesBuildPhase section */
		A02C68401AF5350900AAAEB0 /* Resources */ = {
			isa = PBXResourcesBuildPhase;
			buildActionMask = 2147483647;
			files = (
				A02C68511AF5350900AAAEB0 /* Main.storyboard in Resources */,
				A02C68561AF5350900AAAEB0 /* LaunchScreen.xib in Resources */,
				A02C68531AF5350900AAAEB0 /* Images.xcassets in Resources */,
			);
			runOnlyForDeploymentPostprocessing = 0;
		};
		A02C68591AF5350900AAAEB0 /* Resources */ = {
			isa = PBXResourcesBuildPhase;
			buildActionMask = 2147483647;
			files = (
			);
			runOnlyForDeploymentPostprocessing = 0;
		};
/* End PBXResourcesBuildPhase section */

/* Begin PBXSourcesBuildPhase section */
		A02C683E1AF5350900AAAEB0 /* Sources */ = {
			isa = PBXSourcesBuildPhase;
			buildActionMask = 2147483647;
			files = (
				A02C684E1AF5350900AAAEB0 /* ViewController.m in Sources */,
				A02C684B1AF5350900AAAEB0 /* AppDelegate.m in Sources */,
				A02C68481AF5350900AAAEB0 /* main.m in Sources */,
			);
			runOnlyForDeploymentPostprocessing = 0;
		};
		A02C68571AF5350900AAAEB0 /* Sources */ = {
			isa = PBXSourcesBuildPhase;
			buildActionMask = 2147483647;
			files = (
				A02C68621AF5350900AAAEB0 /* BullsEyeTests.m in Sources */,
			);
			runOnlyForDeploymentPostprocessing = 0;
		};
/* End PBXSourcesBuildPhase section */

/* Begin PBXTargetDependency section */
		A02C685D1AF5350900AAAEB0 /* PBXTargetDependency */ = {
			isa = PBXTargetDependency;
			target = A02C68411AF5350900AAAEB0 /* BullsEye */;
			targetProxy = A02C685C1AF5350900AAAEB0 /* PBXContainerItemProxy */;
		};
/* End PBXTargetDependency section */

/* Begin PBXVariantGroup section */
		A02C684F1AF5350900AAAEB0 /* Main.storyboard */ = {
			isa = PBXVariantGroup;
			children = (
				A02C68501AF5350900AAAEB0 /* Base */,
			);
			name = Main.storyboard;
			sourceTree = "<group>";
		};
		A02C68541AF5350900AAAEB0 /* LaunchScreen.xib */ = {
			isa = PBXVariantGroup;
			children = (
				A02C68551AF5350900AAAEB0 /* Base */,
			);
			name = LaunchScreen.xib;
			sourceTree = "<group>";
		};
/* End PBXVariantGroup section */

/* Begin XCBuildConfiguration section */
		A02C68631AF5350900AAAEB0 /* Debug */ = {
			isa = XCBuildConfiguration;
			buildSettings = {
				ALWAYS_SEARCH_USER_PATHS = NO;
				CLANG_CXX_LANGUAGE_STANDARD = "gnu++0x";
				CLANG_CXX_LIBRARY = "libc++";
				CLANG_ENABLE_MODULES = YES;
				CLANG_ENABLE_OBJC_ARC = YES;
				CLANG_WARN_BOOL_CONVERSION = YES;
				CLANG_WARN_CONSTANT_CONVERSION = YES;
				CLANG_WARN_DIRECT_OBJC_ISA_USAGE = YES_ERROR;
				CLANG_WARN_EMPTY_BODY = YES;
				CLANG_WARN_ENUM_CONVERSION = YES;
				CLANG_WARN_INT_CONVERSION = YES;
				CLANG_WARN_OBJC_ROOT_CLASS = YES_ERROR;
				CLANG_WARN_UNREACHABLE_CODE = YES;
				CLANG_WARN__DUPLICATE_METHOD_MATCH = YES;
				"CODE_SIGN_IDENTITY[sdk=iphoneos*]" = "iPhone Developer";
				COPY_PHASE_STRIP = NO;
				DEBUG_INFORMATION_FORMAT = "dwarf-with-dsym";
				ENABLE_STRICT_OBJC_MSGSEND = YES;
				GCC_C_LANGUAGE_STANDARD = gnu99;
				GCC_DYNAMIC_NO_PIC = NO;
				GCC_NO_COMMON_BLOCKS = YES;
				GCC_OPTIMIZATION_LEVEL = 0;
				GCC_PREPROCESSOR_DEFINITIONS = (
					"DEBUG=1",
					"$(inherited)",
				);
				GCC_SYMBOLS_PRIVATE_EXTERN = NO;
				GCC_WARN_64_TO_32_BIT_CONVERSION = YES;
				GCC_WARN_ABOUT_RETURN_TYPE = YES_ERROR;
				GCC_WARN_UNDECLARED_SELECTOR = YES;
				GCC_WARN_UNINITIALIZED_AUTOS = YES_AGGRESSIVE;
				GCC_WARN_UNUSED_FUNCTION = YES;
				GCC_WARN_UNUSED_VARIABLE = YES;
				IPHONEOS_DEPLOYMENT_TARGET = 8.3;
				MTL_ENABLE_DEBUG_INFO = YES;
				ONLY_ACTIVE_ARCH = YES;
				SDKROOT = iphoneos;
			};
			name = Debug;
		};
		A02C68641AF5350900AAAEB0 /* Release */ = {
			isa = XCBuildConfiguration;
			buildSettings = {
				ALWAYS_SEARCH_USER_PATHS = NO;
				CLANG_CXX_LANGUAGE_STANDARD = "gnu++0x";
				CLANG_CXX_LIBRARY = "libc++";
				CLANG_ENABLE_MODULES = YES;
				CLANG_ENABLE_OBJC_ARC = YES;
				CLANG_WARN_BOOL_CONVERSION = YES;
				CLANG_WARN_CONSTANT_CONVERSION = YES;
				CLANG_WARN_DIRECT_OBJC_ISA_USAGE = YES_ERROR;
				CLANG_WARN_EMPTY_BODY = YES;
				CLANG_WARN_ENUM_CONVERSION = YES;
				CLANG_WARN_INT_CONVERSION = YES;
				CLANG_WARN_OBJC_ROOT_CLASS = YES_ERROR;
				CLANG_WARN_UNREACHABLE_CODE = YES;
				CLANG_WARN__DUPLICATE_METHOD_MATCH = YES;
				"CODE_SIGN_IDENTITY[sdk=iphoneos*]" = "iPhone Developer";
				COPY_PHASE_STRIP = NO;
				DEBUG_INFORMATION_FORMAT = "dwarf-with-dsym";
				ENABLE_NS_ASSERTIONS = NO;
				ENABLE_STRICT_OBJC_MSGSEND = YES;
				GCC_C_LANGUAGE_STANDARD = gnu99;
				GCC_NO_COMMON_BLOCKS = YES;
				GCC_WARN_64_TO_32_BIT_CONVERSION = YES;
				GCC_WARN_ABOUT_RETURN_TYPE = YES_ERROR;
				GCC_WARN_UNDECLARED_SELECTOR = YES;
				GCC_WARN_UNINITIALIZED_AUTOS = YES_AGGRESSIVE;
				GCC_WARN_UNUSED_FUNCTION = YES;
				GCC_WARN_UNUSED_VARIABLE = YES;
				IPHONEOS_DEPLOYMENT_TARGET = 8.3;
				MTL_ENABLE_DEBUG_INFO = NO;
				SDKROOT = iphoneos;
				VALIDATE_PRODUCT = YES;
			};
			name = Release;
		};
		A02C68661AF5350900AAAEB0 /* Debug */ = {
			isa = XCBuildConfiguration;
			buildSettings = {
				ASSETCATALOG_COMPILER_APPICON_NAME = AppIcon;
				INFOPLIST_FILE = BullsEye/Info.plist;
				LD_RUNPATH_SEARCH_PATHS = "$(inherited) @executable_path/Frameworks";
				PRODUCT_NAME = "$(TARGET_NAME)";
			};
			name = Debug;
		};
		A02C68671AF5350900AAAEB0 /* Release */ = {
			isa = XCBuildConfiguration;
			buildSettings = {
				ASSETCATALOG_COMPILER_APPICON_NAME = AppIcon;
				INFOPLIST_FILE = BullsEye/Info.plist;
				LD_RUNPATH_SEARCH_PATHS = "$(inherited) @executable_path/Frameworks";
				PRODUCT_NAME = "$(TARGET_NAME)";
			};
			name = Release;
		};
		A02C68691AF5350900AAAEB0 /* Debug */ = {
			isa = XCBuildConfiguration;
			buildSettings = {
				BUNDLE_LOADER = "$(TEST_HOST)";
				FRAMEWORK_SEARCH_PATHS = (
					"$(SDKROOT)/Developer/Library/Frameworks",
					"$(inherited)",
				);
				GCC_PREPROCESSOR_DEFINITIONS = (
					"DEBUG=1",
					"$(inherited)",
				);
				INFOPLIST_FILE = BullsEyeTests/Info.plist;
				LD_RUNPATH_SEARCH_PATHS = "$(inherited) @executable_path/Frameworks @loader_path/Frameworks";
				PRODUCT_NAME = "$(TARGET_NAME)";
				TEST_HOST = "$(BUILT_PRODUCTS_DIR)/BullsEye.app/BullsEye";
			};
			name = Debug;
		};
		A02C686A1AF5350900AAAEB0 /* Release */ = {
			isa = XCBuildConfiguration;
			buildSettings = {
				BUNDLE_LOADER = "$(TEST_HOST)";
				FRAMEWORK_SEARCH_PATHS = (
					"$(SDKROOT)/Developer/Library/Frameworks",
					"$(inherited)",
				);
				INFOPLIST_FILE = BullsEyeTests/Info.plist;
				LD_RUNPATH_SEARCH_PATHS = "$(inherited) @executable_path/Frameworks @loader_path/Frameworks";
				PRODUCT_NAME = "$(TARGET_NAME)";
				TEST_HOST = "$(BUILT_PRODUCTS_DIR)/BullsEye.app/BullsEye";
			};
			name = Release;
		};
/* End XCBuildConfiguration section */

/* Begin XCConfigurationList section */
		A02C683D1AF5350900AAAEB0 /* Build configuration list for PBXProject "BullsEye" */ = {
			isa = XCConfigurationList;
			buildConfigurations = (
				A02C68631AF5350900AAAEB0 /* Debug */,
				A02C68641AF5350900AAAEB0 /* Release */,
			);
			defaultConfigurationIsVisible = 0;
			defaultConfigurationName = Release;
		};
		A02C68651AF5350900AAAEB0 /* Build configuration list for PBXNativeTarget "BullsEye" */ = {
			isa = XCConfigurationList;
			buildConfigurations = (
				A02C68661AF5350900AAAEB0 /* Debug */,
				A02C68671AF5350900AAAEB0 /* Release */,
			);
			defaultConfigurationIsVisible = 0;
		};
		A02C68681AF5350900AAAEB0 /* Build configuration list for PBXNativeTarget "BullsEyeTests" */ = {
			isa = XCConfigurationList;
			buildConfigurations = (
				A02C68691AF5350900AAAEB0 /* Debug */,
				A02C686A1AF5350900AAAEB0 /* Release */,
			);
			defaultConfigurationIsVisible = 0;
		};
/* End XCConfigurationList section */
	};
	rootObject = A02C683A1AF5350900AAAEB0 /* Project object */;
}
