// !$*UTF8*$!
{
	archiveVersion = 1;
	classes = {
	};
	objectVersion = 46;
	objects = {

/* Begin PBXBuildFile section */
		A0D9D75C1B0A40F800B78163 /* SearchResultCell.xib in Resources */ = {isa = PBXBuildFile; fileRef = A0D9D75B1B0A40F800B78163 /* SearchResultCell.xib */; };
		A0D9D75F1B0A42E900B78163 /* SearchResultCell.m in Sources */ = {isa = PBXBuildFile; fileRef = A0D9D75E1B0A42E900B78163 /* SearchResultCell.m */; };
		A0D9D7611B0A453000B78163 /* NothingFoundCell.xib in Resources */ = {isa = PBXBuildFile; fileRef = A0D9D7601B0A453000B78163 /* NothingFoundCell.xib */; };
		A0E87DD21B08A4A2001B2B0B /* main.m in Sources */ = {isa = PBXBuildFile; fileRef = A0E87DD11B08A4A2001B2B0B /* main.m */; };
		A0E87DD51B08A4A2001B2B0B /* AppDelegate.m in Sources */ = {isa = PBXBuildFile; fileRef = A0E87DD41B08A4A2001B2B0B /* AppDelegate.m */; };
		A0E87DDD1B08A4A2001B2B0B /* Images.xcassets in Resources */ = {isa = PBXBuildFile; fileRef = A0E87DDC1B08A4A2001B2B0B /* Images.xcassets */; };
		A0E87DE01B08A4A2001B2B0B /* LaunchScreen.xib in Resources */ = {isa = PBXBuildFile; fileRef = A0E87DDE1B08A4A2001B2B0B /* LaunchScreen.xib */; };
		A0E87DEC1B08A4A2001B2B0B /* StoreSearchTests.m in Sources */ = {isa = PBXBuildFile; fileRef = A0E87DEB1B08A4A2001B2B0B /* StoreSearchTests.m */; };
		A0E87DF81B08A581001B2B0B /* SearchViewController.m in Sources */ = {isa = PBXBuildFile; fileRef = A0E87DF61B08A581001B2B0B /* SearchViewController.m */; };
		A0E87DF91B08A581001B2B0B /* SearchViewController.xib in Resources */ = {isa = PBXBuildFile; fileRef = A0E87DF71B08A581001B2B0B /* SearchViewController.xib */; };
		A0E87DFC1B08ACE4001B2B0B /* SearchResult.m in Sources */ = {isa = PBXBuildFile; fileRef = A0E87DFB1B08ACE4001B2B0B /* SearchResult.m */; };
/* End PBXBuildFile section */

/* Begin PBXContainerItemProxy section */
		A0E87DE61B08A4A2001B2B0B /* PBXContainerItemProxy */ = {
			isa = PBXContainerItemProxy;
			containerPortal = A0E87DC41B08A4A2001B2B0B /* Project object */;
			proxyType = 1;
			remoteGlobalIDString = A0E87DCB1B08A4A2001B2B0B;
			remoteInfo = StoreSearch;
		};
/* End PBXContainerItemProxy section */

/* Begin PBXFileReference section */
		A0D9D75B1B0A40F800B78163 /* SearchResultCell.xib */ = {isa = PBXFileReference; fileEncoding = 4; lastKnownFileType = file.xib; path = SearchResultCell.xib; sourceTree = "<group>"; };
		A0D9D75D1B0A42E900B78163 /* SearchResultCell.h */ = {isa = PBXFileReference; fileEncoding = 4; lastKnownFileType = sourcecode.c.h; path = SearchResultCell.h; sourceTree = "<group>"; };
		A0D9D75E1B0A42E900B78163 /* SearchResultCell.m */ = {isa = PBXFileReference; fileEncoding = 4; lastKnownFileType = sourcecode.c.objc; path = SearchResultCell.m; sourceTree = "<group>"; };
		A0D9D7601B0A453000B78163 /* NothingFoundCell.xib */ = {isa = PBXFileReference; fileEncoding = 4; lastKnownFileType = file.xib; path = NothingFoundCell.xib; sourceTree = "<group>"; };
		A0E87DCC1B08A4A2001B2B0B /* StoreSearch.app */ = {isa = PBXFileReference; explicitFileType = wrapper.application; includeInIndex = 0; path = StoreSearch.app; sourceTree = BUILT_PRODUCTS_DIR; };
		A0E87DD01B08A4A2001B2B0B /* Info.plist */ = {isa = PBXFileReference; lastKnownFileType = text.plist.xml; path = Info.plist; sourceTree = "<group>"; };
		A0E87DD11B08A4A2001B2B0B /* main.m */ = {isa = PBXFileReference; lastKnownFileType = sourcecode.c.objc; path = main.m; sourceTree = "<group>"; };
		A0E87DD31B08A4A2001B2B0B /* AppDelegate.h */ = {isa = PBXFileReference; lastKnownFileType = sourcecode.c.h; path = AppDelegate.h; sourceTree = "<group>"; };
		A0E87DD41B08A4A2001B2B0B /* AppDelegate.m */ = {isa = PBXFileReference; lastKnownFileType = sourcecode.c.objc; path = AppDelegate.m; sourceTree = "<group>"; };
		A0E87DDC1B08A4A2001B2B0B /* Images.xcassets */ = {isa = PBXFileReference; lastKnownFileType = folder.assetcatalog; path = Images.xcassets; sourceTree = "<group>"; };
		A0E87DDF1B08A4A2001B2B0B /* Base */ = {isa = PBXFileReference; lastKnownFileType = file.xib; name = Base; path = Base.lproj/LaunchScreen.xib; sourceTree = "<group>"; };
		A0E87DE51B08A4A2001B2B0B /* StoreSearchTests.xctest */ = {isa = PBXFileReference; explicitFileType = wrapper.cfbundle; includeInIndex = 0; path = StoreSearchTests.xctest; sourceTree = BUILT_PRODUCTS_DIR; };
		A0E87DEA1B08A4A2001B2B0B /* Info.plist */ = {isa = PBXFileReference; lastKnownFileType = text.plist.xml; path = Info.plist; sourceTree = "<group>"; };
		A0E87DEB1B08A4A2001B2B0B /* StoreSearchTests.m */ = {isa = PBXFileReference; lastKnownFileType = sourcecode.c.objc; path = StoreSearchTests.m; sourceTree = "<group>"; };
		A0E87DF51B08A581001B2B0B /* SearchViewController.h */ = {isa = PBXFileReference; fileEncoding = 4; lastKnownFileType = sourcecode.c.h; path = SearchViewController.h; sourceTree = "<group>"; };
		A0E87DF61B08A581001B2B0B /* SearchViewController.m */ = {isa = PBXFileReference; fileEncoding = 4; lastKnownFileType = sourcecode.c.objc; path = SearchViewController.m; sourceTree = "<group>"; };
		A0E87DF71B08A581001B2B0B /* SearchViewController.xib */ = {isa = PBXFileReference; fileEncoding = 4; lastKnownFileType = file.xib; path = SearchViewController.xib; sourceTree = "<group>"; };
		A0E87DFA1B08ACE4001B2B0B /* SearchResult.h */ = {isa = PBXFileReference; fileEncoding = 4; lastKnownFileType = sourcecode.c.h; path = SearchResult.h; sourceTree = "<group>"; };
		A0E87DFB1B08ACE4001B2B0B /* SearchResult.m */ = {isa = PBXFileReference; fileEncoding = 4; lastKnownFileType = sourcecode.c.objc; path = SearchResult.m; sourceTree = "<group>"; };
/* End PBXFileReference section */

/* Begin PBXFrameworksBuildPhase section */
		A0E87DC91B08A4A2001B2B0B /* Frameworks */ = {
			isa = PBXFrameworksBuildPhase;
			buildActionMask = 2147483647;
			files = (
			);
			runOnlyForDeploymentPostprocessing = 0;
		};
		A0E87DE21B08A4A2001B2B0B /* Frameworks */ = {
			isa = PBXFrameworksBuildPhase;
			buildActionMask = 2147483647;
			files = (
			);
			runOnlyForDeploymentPostprocessing = 0;
		};
/* End PBXFrameworksBuildPhase section */

/* Begin PBXGroup section */
		A0E87DC31B08A4A2001B2B0B = {
			isa = PBXGroup;
			children = (
				A0E87DCE1B08A4A2001B2B0B /* StoreSearch */,
				A0E87DE81B08A4A2001B2B0B /* StoreSearchTests */,
				A0E87DCD1B08A4A2001B2B0B /* Products */,
			);
			sourceTree = "<group>";
		};
		A0E87DCD1B08A4A2001B2B0B /* Products */ = {
			isa = PBXGroup;
			children = (
				A0E87DCC1B08A4A2001B2B0B /* StoreSearch.app */,
				A0E87DE51B08A4A2001B2B0B /* StoreSearchTests.xctest */,
			);
			name = Products;
			sourceTree = "<group>";
		};
		A0E87DCE1B08A4A2001B2B0B /* StoreSearch */ = {
			isa = PBXGroup;
			children = (
				A0E87DD31B08A4A2001B2B0B /* AppDelegate.h */,
				A0E87DD41B08A4A2001B2B0B /* AppDelegate.m */,
				A0E87DDC1B08A4A2001B2B0B /* Images.xcassets */,
				A0E87DDE1B08A4A2001B2B0B /* LaunchScreen.xib */,
				A0E87DCF1B08A4A2001B2B0B /* Supporting Files */,
				A0E87DF51B08A581001B2B0B /* SearchViewController.h */,
				A0E87DF61B08A581001B2B0B /* SearchViewController.m */,
				A0E87DF71B08A581001B2B0B /* SearchViewController.xib */,
				A0E87DFA1B08ACE4001B2B0B /* SearchResult.h */,
				A0E87DFB1B08ACE4001B2B0B /* SearchResult.m */,
				A0D9D75B1B0A40F800B78163 /* SearchResultCell.xib */,
				A0D9D75D1B0A42E900B78163 /* SearchResultCell.h */,
				A0D9D75E1B0A42E900B78163 /* SearchResultCell.m */,
				A0D9D7601B0A453000B78163 /* NothingFoundCell.xib */,
			);
			path = StoreSearch;
			sourceTree = "<group>";
		};
		A0E87DCF1B08A4A2001B2B0B /* Supporting Files */ = {
			isa = PBXGroup;
			children = (
				A0E87DD01B08A4A2001B2B0B /* Info.plist */,
				A0E87DD11B08A4A2001B2B0B /* main.m */,
			);
			name = "Supporting Files";
			sourceTree = "<group>";
		};
		A0E87DE81B08A4A2001B2B0B /* StoreSearchTests */ = {
			isa = PBXGroup;
			children = (
				A0E87DEB1B08A4A2001B2B0B /* StoreSearchTests.m */,
				A0E87DE91B08A4A2001B2B0B /* Supporting Files */,
			);
			path = StoreSearchTests;
			sourceTree = "<group>";
		};
		A0E87DE91B08A4A2001B2B0B /* Supporting Files */ = {
			isa = PBXGroup;
			children = (
				A0E87DEA1B08A4A2001B2B0B /* Info.plist */,
			);
			name = "Supporting Files";
			sourceTree = "<group>";
		};
/* End PBXGroup section */

/* Begin PBXNativeTarget section */
		A0E87DCB1B08A4A2001B2B0B /* StoreSearch */ = {
			isa = PBXNativeTarget;
			buildConfigurationList = A0E87DEF1B08A4A2001B2B0B /* Build configuration list for PBXNativeTarget "StoreSearch" */;
			buildPhases = (
				A0E87DC81B08A4A2001B2B0B /* Sources */,
				A0E87DC91B08A4A2001B2B0B /* Frameworks */,
				A0E87DCA1B08A4A2001B2B0B /* Resources */,
			);
			buildRules = (
			);
			dependencies = (
			);
			name = StoreSearch;
			productName = StoreSearch;
			productReference = A0E87DCC1B08A4A2001B2B0B /* StoreSearch.app */;
			productType = "com.apple.product-type.application";
		};
		A0E87DE41B08A4A2001B2B0B /* StoreSearchTests */ = {
			isa = PBXNativeTarget;
			buildConfigurationList = A0E87DF21B08A4A2001B2B0B /* Build configuration list for PBXNativeTarget "StoreSearchTests" */;
			buildPhases = (
				A0E87DE11B08A4A2001B2B0B /* Sources */,
				A0E87DE21B08A4A2001B2B0B /* Frameworks */,
				A0E87DE31B08A4A2001B2B0B /* Resources */,
			);
			buildRules = (
			);
			dependencies = (
				A0E87DE71B08A4A2001B2B0B /* PBXTargetDependency */,
			);
			name = StoreSearchTests;
			productName = StoreSearchTests;
			productReference = A0E87DE51B08A4A2001B2B0B /* StoreSearchTests.xctest */;
			productType = "com.apple.product-type.bundle.unit-test";
		};
/* End PBXNativeTarget section */

/* Begin PBXProject section */
		A0E87DC41B08A4A2001B2B0B /* Project object */ = {
			isa = PBXProject;
			attributes = {
				LastUpgradeCheck = 0630;
				ORGANIZATIONNAME = "dan yang";
				TargetAttributes = {
					A0E87DCB1B08A4A2001B2B0B = {
						CreatedOnToolsVersion = 6.3.1;
					};
					A0E87DE41B08A4A2001B2B0B = {
						CreatedOnToolsVersion = 6.3.1;
						TestTargetID = A0E87DCB1B08A4A2001B2B0B;
					};
				};
			};
			buildConfigurationList = A0E87DC71B08A4A2001B2B0B /* Build configuration list for PBXProject "StoreSearch" */;
			compatibilityVersion = "Xcode 3.2";
			developmentRegion = English;
			hasScannedForEncodings = 0;
			knownRegions = (
				en,
				Base,
			);
			mainGroup = A0E87DC31B08A4A2001B2B0B;
			productRefGroup = A0E87DCD1B08A4A2001B2B0B /* Products */;
			projectDirPath = "";
			projectRoot = "";
			targets = (
				A0E87DCB1B08A4A2001B2B0B /* StoreSearch */,
				A0E87DE41B08A4A2001B2B0B /* StoreSearchTests */,
			);
		};
/* End PBXProject section */

/* Begin PBXResourcesBuildPhase section */
		A0E87DCA1B08A4A2001B2B0B /* Resources */ = {
			isa = PBXResourcesBuildPhase;
			buildActionMask = 2147483647;
			files = (
				A0E87DE01B08A4A2001B2B0B /* LaunchScreen.xib in Resources */,
				A0E87DDD1B08A4A2001B2B0B /* Images.xcassets in Resources */,
				A0D9D75C1B0A40F800B78163 /* SearchResultCell.xib in Resources */,
				A0D9D7611B0A453000B78163 /* NothingFoundCell.xib in Resources */,
				A0E87DF91B08A581001B2B0B /* SearchViewController.xib in Resources */,
			);
			runOnlyForDeploymentPostprocessing = 0;
		};
		A0E87DE31B08A4A2001B2B0B /* Resources */ = {
			isa = PBXResourcesBuildPhase;
			buildActionMask = 2147483647;
			files = (
			);
			runOnlyForDeploymentPostprocessing = 0;
		};
/* End PBXResourcesBuildPhase section */

/* Begin PBXSourcesBuildPhase section */
		A0E87DC81B08A4A2001B2B0B /* Sources */ = {
			isa = PBXSourcesBuildPhase;
			buildActionMask = 2147483647;
			files = (
				A0E87DD51B08A4A2001B2B0B /* AppDelegate.m in Sources */,
				A0E87DF81B08A581001B2B0B /* SearchViewController.m in Sources */,
				A0D9D75F1B0A42E900B78163 /* SearchResultCell.m in Sources */,
				A0E87DFC1B08ACE4001B2B0B /* SearchResult.m in Sources */,
				A0E87DD21B08A4A2001B2B0B /* main.m in Sources */,
			);
			runOnlyForDeploymentPostprocessing = 0;
		};
		A0E87DE11B08A4A2001B2B0B /* Sources */ = {
			isa = PBXSourcesBuildPhase;
			buildActionMask = 2147483647;
			files = (
				A0E87DEC1B08A4A2001B2B0B /* StoreSearchTests.m in Sources */,
			);
			runOnlyForDeploymentPostprocessing = 0;
		};
/* End PBXSourcesBuildPhase section */

/* Begin PBXTargetDependency section */
		A0E87DE71B08A4A2001B2B0B /* PBXTargetDependency */ = {
			isa = PBXTargetDependency;
			target = A0E87DCB1B08A4A2001B2B0B /* StoreSearch */;
			targetProxy = A0E87DE61B08A4A2001B2B0B /* PBXContainerItemProxy */;
		};
/* End PBXTargetDependency section */

/* Begin PBXVariantGroup section */
		A0E87DDE1B08A4A2001B2B0B /* LaunchScreen.xib */ = {
			isa = PBXVariantGroup;
			children = (
				A0E87DDF1B08A4A2001B2B0B /* Base */,
			);
			name = LaunchScreen.xib;
			sourceTree = "<group>";
		};
/* End PBXVariantGroup section */

/* Begin XCBuildConfiguration section */
		A0E87DED1B08A4A2001B2B0B /* Debug */ = {
			isa = XCBuildConfiguration;
			buildSettings = {
				ALWAYS_SEARCH_USER_PATHS = NO;
				CLANG_CXX_LANGUAGE_STANDARD = "gnu++0x";
				CLANG_CXX_LIBRARY = "libc++";
				CLANG_ENABLE_MODULES = YES;
				CLANG_ENABLE_OBJC_ARC = YES;
				CLANG_WARN_BOOL_CONVERSION = YES;
				CLANG_WARN_CONSTANT_CONVERSION = YES;
				CLANG_WARN_DIRECT_OBJC_ISA_USAGE = YES_ERROR;
				CLANG_WARN_EMPTY_BODY = YES;
				CLANG_WARN_ENUM_CONVERSION = YES;
				CLANG_WARN_INT_CONVERSION = YES;
				CLANG_WARN_OBJC_ROOT_CLASS = YES_ERROR;
				CLANG_WARN_UNREACHABLE_CODE = YES;
				CLANG_WARN__DUPLICATE_METHOD_MATCH = YES;
				"CODE_SIGN_IDENTITY[sdk=iphoneos*]" = "iPhone Developer";
				COPY_PHASE_STRIP = NO;
				DEBUG_INFORMATION_FORMAT = "dwarf-with-dsym";
				ENABLE_STRICT_OBJC_MSGSEND = YES;
				GCC_C_LANGUAGE_STANDARD = gnu99;
				GCC_DYNAMIC_NO_PIC = NO;
				GCC_NO_COMMON_BLOCKS = YES;
				GCC_OPTIMIZATION_LEVEL = 0;
				GCC_PREPROCESSOR_DEFINITIONS = (
					"DEBUG=1",
					"$(inherited)",
				);
				GCC_SYMBOLS_PRIVATE_EXTERN = NO;
				GCC_WARN_64_TO_32_BIT_CONVERSION = YES;
				GCC_WARN_ABOUT_RETURN_TYPE = YES_ERROR;
				GCC_WARN_UNDECLARED_SELECTOR = YES;
				GCC_WARN_UNINITIALIZED_AUTOS = YES_AGGRESSIVE;
				GCC_WARN_UNUSED_FUNCTION = YES;
				GCC_WARN_UNUSED_VARIABLE = YES;
				IPHONEOS_DEPLOYMENT_TARGET = 8.3;
				MTL_ENABLE_DEBUG_INFO = YES;
				ONLY_ACTIVE_ARCH = YES;
				SDKROOT = iphoneos;
			};
			name = Debug;
		};
		A0E87DEE1B08A4A2001B2B0B /* Release */ = {
			isa = XCBuildConfiguration;
			buildSettings = {
				ALWAYS_SEARCH_USER_PATHS = NO;
				CLANG_CXX_LANGUAGE_STANDARD = "gnu++0x";
				CLANG_CXX_LIBRARY = "libc++";
				CLANG_ENABLE_MODULES = YES;
				CLANG_ENABLE_OBJC_ARC = YES;
				CLANG_WARN_BOOL_CONVERSION = YES;
				CLANG_WARN_CONSTANT_CONVERSION = YES;
				CLANG_WARN_DIRECT_OBJC_ISA_USAGE = YES_ERROR;
				CLANG_WARN_EMPTY_BODY = YES;
				CLANG_WARN_ENUM_CONVERSION = YES;
				CLANG_WARN_INT_CONVERSION = YES;
				CLANG_WARN_OBJC_ROOT_CLASS = YES_ERROR;
				CLANG_WARN_UNREACHABLE_CODE = YES;
				CLANG_WARN__DUPLICATE_METHOD_MATCH = YES;
				"CODE_SIGN_IDENTITY[sdk=iphoneos*]" = "iPhone Developer";
				COPY_PHASE_STRIP = NO;
				DEBUG_INFORMATION_FORMAT = "dwarf-with-dsym";
				ENABLE_NS_ASSERTIONS = NO;
				ENABLE_STRICT_OBJC_MSGSEND = YES;
				GCC_C_LANGUAGE_STANDARD = gnu99;
				GCC_NO_COMMON_BLOCKS = YES;
				GCC_WARN_64_TO_32_BIT_CONVERSION = YES;
				GCC_WARN_ABOUT_RETURN_TYPE = YES_ERROR;
				GCC_WARN_UNDECLARED_SELECTOR = YES;
				GCC_WARN_UNINITIALIZED_AUTOS = YES_AGGRESSIVE;
				GCC_WARN_UNUSED_FUNCTION = YES;
				GCC_WARN_UNUSED_VARIABLE = YES;
				IPHONEOS_DEPLOYMENT_TARGET = 8.3;
				MTL_ENABLE_DEBUG_INFO = NO;
				SDKROOT = iphoneos;
				VALIDATE_PRODUCT = YES;
			};
			name = Release;
		};
		A0E87DF01B08A4A2001B2B0B /* Debug */ = {
			isa = XCBuildConfiguration;
			buildSettings = {
				ASSETCATALOG_COMPILER_APPICON_NAME = AppIcon;
				INFOPLIST_FILE = StoreSearch/Info.plist;
				LD_RUNPATH_SEARCH_PATHS = "$(inherited) @executable_path/Frameworks";
				PRODUCT_NAME = "$(TARGET_NAME)";
			};
			name = Debug;
		};
		A0E87DF11B08A4A2001B2B0B /* Release */ = {
			isa = XCBuildConfiguration;
			buildSettings = {
				ASSETCATALOG_COMPILER_APPICON_NAME = AppIcon;
				INFOPLIST_FILE = StoreSearch/Info.plist;
				LD_RUNPATH_SEARCH_PATHS = "$(inherited) @executable_path/Frameworks";
				PRODUCT_NAME = "$(TARGET_NAME)";
			};
			name = Release;
		};
		A0E87DF31B08A4A2001B2B0B /* Debug */ = {
			isa = XCBuildConfiguration;
			buildSettings = {
				BUNDLE_LOADER = "$(TEST_HOST)";
				FRAMEWORK_SEARCH_PATHS = (
					"$(SDKROOT)/Developer/Library/Frameworks",
					"$(inherited)",
				);
				GCC_PREPROCESSOR_DEFINITIONS = (
					"DEBUG=1",
					"$(inherited)",
				);
				INFOPLIST_FILE = StoreSearchTests/Info.plist;
				LD_RUNPATH_SEARCH_PATHS = "$(inherited) @executable_path/Frameworks @loader_path/Frameworks";
				PRODUCT_NAME = "$(TARGET_NAME)";
				TEST_HOST = "$(BUILT_PRODUCTS_DIR)/StoreSearch.app/StoreSearch";
			};
			name = Debug;
		};
		A0E87DF41B08A4A2001B2B0B /* Release */ = {
			isa = XCBuildConfiguration;
			buildSettings = {
				BUNDLE_LOADER = "$(TEST_HOST)";
				FRAMEWORK_SEARCH_PATHS = (
					"$(SDKROOT)/Developer/Library/Frameworks",
					"$(inherited)",
				);
				INFOPLIST_FILE = StoreSearchTests/Info.plist;
				LD_RUNPATH_SEARCH_PATHS = "$(inherited) @executable_path/Frameworks @loader_path/Frameworks";
				PRODUCT_NAME = "$(TARGET_NAME)";
				TEST_HOST = "$(BUILT_PRODUCTS_DIR)/StoreSearch.app/StoreSearch";
			};
			name = Release;
		};
/* End XCBuildConfiguration section */

/* Begin XCConfigurationList section */
		A0E87DC71B08A4A2001B2B0B /* Build configuration list for PBXProject "StoreSearch" */ = {
			isa = XCConfigurationList;
			buildConfigurations = (
				A0E87DED1B08A4A2001B2B0B /* Debug */,
				A0E87DEE1B08A4A2001B2B0B /* Release */,
			);
			defaultConfigurationIsVisible = 0;
			defaultConfigurationName = Release;
		};
		A0E87DEF1B08A4A2001B2B0B /* Build configuration list for PBXNativeTarget "StoreSearch" */ = {
			isa = XCConfigurationList;
			buildConfigurations = (
				A0E87DF01B08A4A2001B2B0B /* Debug */,
				A0E87DF11B08A4A2001B2B0B /* Release */,
			);
			defaultConfigurationIsVisible = 0;
			defaultConfigurationName = Release;
		};
		A0E87DF21B08A4A2001B2B0B /* Build configuration list for PBXNativeTarget "StoreSearchTests" */ = {
			isa = XCConfigurationList;
			buildConfigurations = (
				A0E87DF31B08A4A2001B2B0B /* Debug */,
				A0E87DF41B08A4A2001B2B0B /* Release */,
			);
			defaultConfigurationIsVisible = 0;
			defaultConfigurationName = Release;
		};
/* End XCConfigurationList section */
	};
	rootObject = A0E87DC41B08A4A2001B2B0B /* Project object */;
}
